
Microsoft Visual Studio Solution File, Format Version 12.00
# Visual Studio 15
VisualStudioVersion = 15.0.26430.16
MinimumVisualStudioVersion = 10.0.40219.1
Project("{2150E333-8FDC-42A3-9474-1A3956D46DE8}") = "App", "App", "{EFF68E62-6081-48EE-8ACD-7820E5BB86FE}"
EndProject
Project("{2150E333-8FDC-42A3-9474-1A3956D46DE8}") = "DataBase", "DataBase", "{EE15203B-43B0-4B94-91BF-37DE2A48EC5E}"
EndProject
Project("{2150E333-8FDC-42A3-9474-1A3956D46DE8}") = "Entity", "Entity", "{4D9864F6-7317-419F-B326-1B9626AD23EF}"
EndProject
Project("{2150E333-8FDC-42A3-9474-1A3956D46DE8}") = "RestService", "RestService", "{C3748D87-2ACA-4E0C-BFB3-9A3749A008A5}"
EndProject
Project("{2150E333-8FDC-42A3-9474-1A3956D46DE8}") = "Util", "Util", "{4F1DC286-7FB8-4508-B129-5E57BD5C7C56}"
EndProject
Project("{FAE04EC0-301F-11D3-BF4B-00C04F79EFBC}") = "Base", "Base\Base.csproj", "{DB4BA730-CF68-4DA2-BED7-930220CA7139}"
EndProject
Project("{FAE04EC0-301F-11D3-BF4B-00C04F79EFBC}") = "CommonEntity", "Common\CommonEntity.csproj", "{5A44CE35-024F-4E51-AED8-068F2C38BA86}"
EndProject
Project("{FAE04EC0-301F-11D3-BF4B-00C04F79EFBC}") = "Cryptography", "Cryptography\Cryptography.csproj", "{B592D3A0-362E-4FC4-A7EA-9A219DF1871B}"
EndProject
Project("{FAE04EC0-301F-11D3-BF4B-00C04F79EFBC}") = "UnicornioRS", "UnicornioRS\UnicornioRS.csproj", "{2068BBA6-03C7-48D1-8EF9-F9A5CDACEB2E}"
EndProject
Project("{FAE04EC0-301F-11D3-BF4B-00C04F79EFBC}") = "Table", "Table\Table.csproj", "{E3EE89DD-ACAE-4EF5-AB76-E2E59B7A6CB5}"
EndProject
Project("{2150E333-8FDC-42A3-9474-1A3956D46DE8}") = "BusinessRules", "BusinessRules", "{5D235F4D-05EC-4AB9-8D84-986A54AC1D17}"
EndProject
Project("{FAE04EC0-301F-11D3-BF4B-00C04F79EFBC}") = "AccountBL", "AccountBL\AccountBL.csproj", "{732DD618-9E6D-459A-A82F-BEB9E0E86652}"
EndProject
Project("{FAE04EC0-301F-11D3-BF4B-00C04F79EFBC}") = "ParameterDB", "ParameterDB\ParameterDB.csproj", "{0F078626-28B8-4562-9120-42286A0C24B0}"
EndProject
Project("{FAE04EC0-301F-11D3-BF4B-00C04F79EFBC}") = "AccountDB", "AccountDB\AccountDB.csproj", "{499F37D1-8D3B-4C1A-9641-E8131B8327EF}"
EndProject
Project("{FAE04EC0-301F-11D3-BF4B-00C04F79EFBC}") = "ConceptMain", "ConceptMain\ConceptMain.csproj", "{39EDFFD6-C58E-4DEF-8F5B-59EADECB13AF}"
EndProject
Project("{FAE04EC0-301F-11D3-BF4B-00C04F79EFBC}") = "HorseDB", "HorseDB\HorseDB.csproj", "{DCB259FD-6F64-441A-AE1C-31FA1EF7FFE7}"
EndProject
Project("{FAE04EC0-301F-11D3-BF4B-00C04F79EFBC}") = "HorseBL", "HorseBL\HorseBL.csproj", "{FE540F67-F0D2-49AC-9411-2E6585BD8B8C}"
EndProject
Project("{FAE04EC0-301F-11D3-BF4B-00C04F79EFBC}") = "Util", "Util\Util.csproj", "{5FA9E7D3-FB4D-44CA-AA24-34F7FDA26A29}"
EndProject
Project("{FAE04EC0-301F-11D3-BF4B-00C04F79EFBC}") = "FairDB", "FairDB\FairDB.csproj", "{4B109456-80DE-46E6-B464-697DC6ABE8CF}"
EndProject
Project("{FAE04EC0-301F-11D3-BF4B-00C04F79EFBC}") = "FairBL", "FairBL\FairBL.csproj", "{6F201F1F-1334-4484-A962-376E07863331}"
EndProject
Global
	GlobalSection(SolutionConfigurationPlatforms) = preSolution
		Ad-Hoc|Any CPU = Ad-Hoc|Any CPU
		Ad-Hoc|ARM = Ad-Hoc|ARM
		Ad-Hoc|iPhone = Ad-Hoc|iPhone
		Ad-Hoc|iPhoneSimulator = Ad-Hoc|iPhoneSimulator
		Ad-Hoc|x64 = Ad-Hoc|x64
		Ad-Hoc|x86 = Ad-Hoc|x86
		AppStore|Any CPU = AppStore|Any CPU
		AppStore|ARM = AppStore|ARM
		AppStore|iPhone = AppStore|iPhone
		AppStore|iPhoneSimulator = AppStore|iPhoneSimulator
		AppStore|x64 = AppStore|x64
		AppStore|x86 = AppStore|x86
		Debug|Any CPU = Debug|Any CPU
		Debug|ARM = Debug|ARM
		Debug|iPhone = Debug|iPhone
		Debug|iPhoneSimulator = Debug|iPhoneSimulator
		Debug|x64 = Debug|x64
		Debug|x86 = Debug|x86
		Release|Any CPU = Release|Any CPU
		Release|ARM = Release|ARM
		Release|iPhone = Release|iPhone
		Release|iPhoneSimulator = Release|iPhoneSimulator
		Release|x64 = Release|x64
		Release|x86 = Release|x86
	EndGlobalSection
	GlobalSection(ProjectConfigurationPlatforms) = postSolution
		{DB4BA730-CF68-4DA2-BED7-930220CA7139}.Ad-Hoc|Any CPU.ActiveCfg = Release|Any CPU
		{DB4BA730-CF68-4DA2-BED7-930220CA7139}.Ad-Hoc|Any CPU.Build.0 = Release|Any CPU
		{DB4BA730-CF68-4DA2-BED7-930220CA7139}.Ad-Hoc|ARM.ActiveCfg = Release|Any CPU
		{DB4BA730-CF68-4DA2-BED7-930220CA7139}.Ad-Hoc|ARM.Build.0 = Release|Any CPU
		{DB4BA730-CF68-4DA2-BED7-930220CA7139}.Ad-Hoc|iPhone.ActiveCfg = Release|Any CPU
		{DB4BA730-CF68-4DA2-BED7-930220CA7139}.Ad-Hoc|iPhone.Build.0 = Release|Any CPU
		{DB4BA730-CF68-4DA2-BED7-930220CA7139}.Ad-Hoc|iPhoneSimulator.ActiveCfg = Release|Any CPU
		{DB4BA730-CF68-4DA2-BED7-930220CA7139}.Ad-Hoc|iPhoneSimulator.Build.0 = Release|Any CPU
		{DB4BA730-CF68-4DA2-BED7-930220CA7139}.Ad-Hoc|x64.ActiveCfg = Release|Any CPU
		{DB4BA730-CF68-4DA2-BED7-930220CA7139}.Ad-Hoc|x64.Build.0 = Release|Any CPU
		{DB4BA730-CF68-4DA2-BED7-930220CA7139}.Ad-Hoc|x86.ActiveCfg = Release|Any CPU
		{DB4BA730-CF68-4DA2-BED7-930220CA7139}.Ad-Hoc|x86.Build.0 = Release|Any CPU
		{DB4BA730-CF68-4DA2-BED7-930220CA7139}.AppStore|Any CPU.ActiveCfg = Release|Any CPU
		{DB4BA730-CF68-4DA2-BED7-930220CA7139}.AppStore|Any CPU.Build.0 = Release|Any CPU
		{DB4BA730-CF68-4DA2-BED7-930220CA7139}.AppStore|ARM.ActiveCfg = Release|Any CPU
		{DB4BA730-CF68-4DA2-BED7-930220CA7139}.AppStore|ARM.Build.0 = Release|Any CPU
		{DB4BA730-CF68-4DA2-BED7-930220CA7139}.AppStore|iPhone.ActiveCfg = Release|Any CPU
		{DB4BA730-CF68-4DA2-BED7-930220CA7139}.AppStore|iPhone.Build.0 = Release|Any CPU
		{DB4BA730-CF68-4DA2-BED7-930220CA7139}.AppStore|iPhoneSimulator.ActiveCfg = Release|Any CPU
		{DB4BA730-CF68-4DA2-BED7-930220CA7139}.AppStore|iPhoneSimulator.Build.0 = Release|Any CPU
		{DB4BA730-CF68-4DA2-BED7-930220CA7139}.AppStore|x64.ActiveCfg = Release|Any CPU
		{DB4BA730-CF68-4DA2-BED7-930220CA7139}.AppStore|x64.Build.0 = Release|Any CPU
		{DB4BA730-CF68-4DA2-BED7-930220CA7139}.AppStore|x86.ActiveCfg = Release|Any CPU
		{DB4BA730-CF68-4DA2-BED7-930220CA7139}.AppStore|x86.Build.0 = Release|Any CPU
		{DB4BA730-CF68-4DA2-BED7-930220CA7139}.Debug|Any CPU.ActiveCfg = Debug|Any CPU
		{DB4BA730-CF68-4DA2-BED7-930220CA7139}.Debug|Any CPU.Build.0 = Debug|Any CPU
		{DB4BA730-CF68-4DA2-BED7-930220CA7139}.Debug|ARM.ActiveCfg = Debug|Any CPU
		{DB4BA730-CF68-4DA2-BED7-930220CA7139}.Debug|ARM.Build.0 = Debug|Any CPU
		{DB4BA730-CF68-4DA2-BED7-930220CA7139}.Debug|iPhone.ActiveCfg = Debug|Any CPU
		{DB4BA730-CF68-4DA2-BED7-930220CA7139}.Debug|iPhone.Build.0 = Debug|Any CPU
		{DB4BA730-CF68-4DA2-BED7-930220CA7139}.Debug|iPhoneSimulator.ActiveCfg = Debug|Any CPU
		{DB4BA730-CF68-4DA2-BED7-930220CA7139}.Debug|iPhoneSimulator.Build.0 = Debug|Any CPU
		{DB4BA730-CF68-4DA2-BED7-930220CA7139}.Debug|x64.ActiveCfg = Debug|Any CPU
		{DB4BA730-CF68-4DA2-BED7-930220CA7139}.Debug|x64.Build.0 = Debug|Any CPU
		{DB4BA730-CF68-4DA2-BED7-930220CA7139}.Debug|x86.ActiveCfg = Debug|Any CPU
		{DB4BA730-CF68-4DA2-BED7-930220CA7139}.Debug|x86.Build.0 = Debug|Any CPU
		{DB4BA730-CF68-4DA2-BED7-930220CA7139}.Release|Any CPU.ActiveCfg = Release|Any CPU
		{DB4BA730-CF68-4DA2-BED7-930220CA7139}.Release|Any CPU.Build.0 = Release|Any CPU
		{DB4BA730-CF68-4DA2-BED7-930220CA7139}.Release|ARM.ActiveCfg = Release|Any CPU
		{DB4BA730-CF68-4DA2-BED7-930220CA7139}.Release|ARM.Build.0 = Release|Any CPU
		{DB4BA730-CF68-4DA2-BED7-930220CA7139}.Release|iPhone.ActiveCfg = Release|Any CPU
		{DB4BA730-CF68-4DA2-BED7-930220CA7139}.Release|iPhone.Build.0 = Release|Any CPU
		{DB4BA730-CF68-4DA2-BED7-930220CA7139}.Release|iPhoneSimulator.ActiveCfg = Release|Any CPU
		{DB4BA730-CF68-4DA2-BED7-930220CA7139}.Release|iPhoneSimulator.Build.0 = Release|Any CPU
		{DB4BA730-CF68-4DA2-BED7-930220CA7139}.Release|x64.ActiveCfg = Release|Any CPU
		{DB4BA730-CF68-4DA2-BED7-930220CA7139}.Release|x64.Build.0 = Release|Any CPU
		{DB4BA730-CF68-4DA2-BED7-930220CA7139}.Release|x86.ActiveCfg = Release|Any CPU
		{DB4BA730-CF68-4DA2-BED7-930220CA7139}.Release|x86.Build.0 = Release|Any CPU
		{5A44CE35-024F-4E51-AED8-068F2C38BA86}.Ad-Hoc|Any CPU.ActiveCfg = Release|Any CPU
		{5A44CE35-024F-4E51-AED8-068F2C38BA86}.Ad-Hoc|Any CPU.Build.0 = Release|Any CPU
		{5A44CE35-024F-4E51-AED8-068F2C38BA86}.Ad-Hoc|ARM.ActiveCfg = Release|Any CPU
		{5A44CE35-024F-4E51-AED8-068F2C38BA86}.Ad-Hoc|ARM.Build.0 = Release|Any CPU
		{5A44CE35-024F-4E51-AED8-068F2C38BA86}.Ad-Hoc|iPhone.ActiveCfg = Release|Any CPU
		{5A44CE35-024F-4E51-AED8-068F2C38BA86}.Ad-Hoc|iPhone.Build.0 = Release|Any CPU
		{5A44CE35-024F-4E51-AED8-068F2C38BA86}.Ad-Hoc|iPhoneSimulator.ActiveCfg = Release|Any CPU
		{5A44CE35-024F-4E51-AED8-068F2C38BA86}.Ad-Hoc|iPhoneSimulator.Build.0 = Release|Any CPU
		{5A44CE35-024F-4E51-AED8-068F2C38BA86}.Ad-Hoc|x64.ActiveCfg = Release|Any CPU
		{5A44CE35-024F-4E51-AED8-068F2C38BA86}.Ad-Hoc|x64.Build.0 = Release|Any CPU
		{5A44CE35-024F-4E51-AED8-068F2C38BA86}.Ad-Hoc|x86.ActiveCfg = Release|Any CPU
		{5A44CE35-024F-4E51-AED8-068F2C38BA86}.Ad-Hoc|x86.Build.0 = Release|Any CPU
		{5A44CE35-024F-4E51-AED8-068F2C38BA86}.AppStore|Any CPU.ActiveCfg = Release|Any CPU
		{5A44CE35-024F-4E51-AED8-068F2C38BA86}.AppStore|Any CPU.Build.0 = Release|Any CPU
		{5A44CE35-024F-4E51-AED8-068F2C38BA86}.AppStore|ARM.ActiveCfg = Release|Any CPU
		{5A44CE35-024F-4E51-AED8-068F2C38BA86}.AppStore|ARM.Build.0 = Release|Any CPU
		{5A44CE35-024F-4E51-AED8-068F2C38BA86}.AppStore|iPhone.ActiveCfg = Release|Any CPU
		{5A44CE35-024F-4E51-AED8-068F2C38BA86}.AppStore|iPhone.Build.0 = Release|Any CPU
		{5A44CE35-024F-4E51-AED8-068F2C38BA86}.AppStore|iPhoneSimulator.ActiveCfg = Release|Any CPU
		{5A44CE35-024F-4E51-AED8-068F2C38BA86}.AppStore|iPhoneSimulator.Build.0 = Release|Any CPU
		{5A44CE35-024F-4E51-AED8-068F2C38BA86}.AppStore|x64.ActiveCfg = Release|Any CPU
		{5A44CE35-024F-4E51-AED8-068F2C38BA86}.AppStore|x64.Build.0 = Release|Any CPU
		{5A44CE35-024F-4E51-AED8-068F2C38BA86}.AppStore|x86.ActiveCfg = Release|Any CPU
		{5A44CE35-024F-4E51-AED8-068F2C38BA86}.AppStore|x86.Build.0 = Release|Any CPU
		{5A44CE35-024F-4E51-AED8-068F2C38BA86}.Debug|Any CPU.ActiveCfg = Debug|Any CPU
		{5A44CE35-024F-4E51-AED8-068F2C38BA86}.Debug|Any CPU.Build.0 = Debug|Any CPU
		{5A44CE35-024F-4E51-AED8-068F2C38BA86}.Debug|ARM.ActiveCfg = Debug|Any CPU
		{5A44CE35-024F-4E51-AED8-068F2C38BA86}.Debug|ARM.Build.0 = Debug|Any CPU
		{5A44CE35-024F-4E51-AED8-068F2C38BA86}.Debug|iPhone.ActiveCfg = Debug|Any CPU
		{5A44CE35-024F-4E51-AED8-068F2C38BA86}.Debug|iPhone.Build.0 = Debug|Any CPU
		{5A44CE35-024F-4E51-AED8-068F2C38BA86}.Debug|iPhoneSimulator.ActiveCfg = Debug|Any CPU
		{5A44CE35-024F-4E51-AED8-068F2C38BA86}.Debug|iPhoneSimulator.Build.0 = Debug|Any CPU
		{5A44CE35-024F-4E51-AED8-068F2C38BA86}.Debug|x64.ActiveCfg = Debug|Any CPU
		{5A44CE35-024F-4E51-AED8-068F2C38BA86}.Debug|x64.Build.0 = Debug|Any CPU
		{5A44CE35-024F-4E51-AED8-068F2C38BA86}.Debug|x86.ActiveCfg = Debug|Any CPU
		{5A44CE35-024F-4E51-AED8-068F2C38BA86}.Debug|x86.Build.0 = Debug|Any CPU
		{5A44CE35-024F-4E51-AED8-068F2C38BA86}.Release|Any CPU.ActiveCfg = Release|Any CPU
		{5A44CE35-024F-4E51-AED8-068F2C38BA86}.Release|Any CPU.Build.0 = Release|Any CPU
		{5A44CE35-024F-4E51-AED8-068F2C38BA86}.Release|ARM.ActiveCfg = Release|Any CPU
		{5A44CE35-024F-4E51-AED8-068F2C38BA86}.Release|ARM.Build.0 = Release|Any CPU
		{5A44CE35-024F-4E51-AED8-068F2C38BA86}.Release|iPhone.ActiveCfg = Release|Any CPU
		{5A44CE35-024F-4E51-AED8-068F2C38BA86}.Release|iPhone.Build.0 = Release|Any CPU
		{5A44CE35-024F-4E51-AED8-068F2C38BA86}.Release|iPhoneSimulator.ActiveCfg = Release|Any CPU
		{5A44CE35-024F-4E51-AED8-068F2C38BA86}.Release|iPhoneSimulator.Build.0 = Release|Any CPU
		{5A44CE35-024F-4E51-AED8-068F2C38BA86}.Release|x64.ActiveCfg = Release|Any CPU
		{5A44CE35-024F-4E51-AED8-068F2C38BA86}.Release|x64.Build.0 = Release|Any CPU
		{5A44CE35-024F-4E51-AED8-068F2C38BA86}.Release|x86.ActiveCfg = Release|Any CPU
		{5A44CE35-024F-4E51-AED8-068F2C38BA86}.Release|x86.Build.0 = Release|Any CPU
		{B592D3A0-362E-4FC4-A7EA-9A219DF1871B}.Ad-Hoc|Any CPU.ActiveCfg = Release|Any CPU
		{B592D3A0-362E-4FC4-A7EA-9A219DF1871B}.Ad-Hoc|Any CPU.Build.0 = Release|Any CPU
		{B592D3A0-362E-4FC4-A7EA-9A219DF1871B}.Ad-Hoc|ARM.ActiveCfg = Release|Any CPU
		{B592D3A0-362E-4FC4-A7EA-9A219DF1871B}.Ad-Hoc|ARM.Build.0 = Release|Any CPU
		{B592D3A0-362E-4FC4-A7EA-9A219DF1871B}.Ad-Hoc|iPhone.ActiveCfg = Release|Any CPU
		{B592D3A0-362E-4FC4-A7EA-9A219DF1871B}.Ad-Hoc|iPhone.Build.0 = Release|Any CPU
		{B592D3A0-362E-4FC4-A7EA-9A219DF1871B}.Ad-Hoc|iPhoneSimulator.ActiveCfg = Release|Any CPU
		{B592D3A0-362E-4FC4-A7EA-9A219DF1871B}.Ad-Hoc|iPhoneSimulator.Build.0 = Release|Any CPU
		{B592D3A0-362E-4FC4-A7EA-9A219DF1871B}.Ad-Hoc|x64.ActiveCfg = Release|Any CPU
		{B592D3A0-362E-4FC4-A7EA-9A219DF1871B}.Ad-Hoc|x64.Build.0 = Release|Any CPU
		{B592D3A0-362E-4FC4-A7EA-9A219DF1871B}.Ad-Hoc|x86.ActiveCfg = Release|Any CPU
		{B592D3A0-362E-4FC4-A7EA-9A219DF1871B}.Ad-Hoc|x86.Build.0 = Release|Any CPU
		{B592D3A0-362E-4FC4-A7EA-9A219DF1871B}.AppStore|Any CPU.ActiveCfg = Release|Any CPU
		{B592D3A0-362E-4FC4-A7EA-9A219DF1871B}.AppStore|Any CPU.Build.0 = Release|Any CPU
		{B592D3A0-362E-4FC4-A7EA-9A219DF1871B}.AppStore|ARM.ActiveCfg = Release|Any CPU
		{B592D3A0-362E-4FC4-A7EA-9A219DF1871B}.AppStore|ARM.Build.0 = Release|Any CPU
		{B592D3A0-362E-4FC4-A7EA-9A219DF1871B}.AppStore|iPhone.ActiveCfg = Release|Any CPU
		{B592D3A0-362E-4FC4-A7EA-9A219DF1871B}.AppStore|iPhone.Build.0 = Release|Any CPU
		{B592D3A0-362E-4FC4-A7EA-9A219DF1871B}.AppStore|iPhoneSimulator.ActiveCfg = Release|Any CPU
		{B592D3A0-362E-4FC4-A7EA-9A219DF1871B}.AppStore|iPhoneSimulator.Build.0 = Release|Any CPU
		{B592D3A0-362E-4FC4-A7EA-9A219DF1871B}.AppStore|x64.ActiveCfg = Release|Any CPU
		{B592D3A0-362E-4FC4-A7EA-9A219DF1871B}.AppStore|x64.Build.0 = Release|Any CPU
		{B592D3A0-362E-4FC4-A7EA-9A219DF1871B}.AppStore|x86.ActiveCfg = Release|Any CPU
		{B592D3A0-362E-4FC4-A7EA-9A219DF1871B}.AppStore|x86.Build.0 = Release|Any CPU
		{B592D3A0-362E-4FC4-A7EA-9A219DF1871B}.Debug|Any CPU.ActiveCfg = Debug|Any CPU
		{B592D3A0-362E-4FC4-A7EA-9A219DF1871B}.Debug|Any CPU.Build.0 = Debug|Any CPU
		{B592D3A0-362E-4FC4-A7EA-9A219DF1871B}.Debug|ARM.ActiveCfg = Debug|Any CPU
		{B592D3A0-362E-4FC4-A7EA-9A219DF1871B}.Debug|ARM.Build.0 = Debug|Any CPU
		{B592D3A0-362E-4FC4-A7EA-9A219DF1871B}.Debug|iPhone.ActiveCfg = Debug|Any CPU
		{B592D3A0-362E-4FC4-A7EA-9A219DF1871B}.Debug|iPhone.Build.0 = Debug|Any CPU
		{B592D3A0-362E-4FC4-A7EA-9A219DF1871B}.Debug|iPhoneSimulator.ActiveCfg = Debug|Any CPU
		{B592D3A0-362E-4FC4-A7EA-9A219DF1871B}.Debug|iPhoneSimulator.Build.0 = Debug|Any CPU
		{B592D3A0-362E-4FC4-A7EA-9A219DF1871B}.Debug|x64.ActiveCfg = Debug|Any CPU
		{B592D3A0-362E-4FC4-A7EA-9A219DF1871B}.Debug|x64.Build.0 = Debug|Any CPU
		{B592D3A0-362E-4FC4-A7EA-9A219DF1871B}.Debug|x86.ActiveCfg = Debug|Any CPU
		{B592D3A0-362E-4FC4-A7EA-9A219DF1871B}.Debug|x86.Build.0 = Debug|Any CPU
		{B592D3A0-362E-4FC4-A7EA-9A219DF1871B}.Release|Any CPU.ActiveCfg = Release|Any CPU
		{B592D3A0-362E-4FC4-A7EA-9A219DF1871B}.Release|Any CPU.Build.0 = Release|Any CPU
		{B592D3A0-362E-4FC4-A7EA-9A219DF1871B}.Release|ARM.ActiveCfg = Release|Any CPU
		{B592D3A0-362E-4FC4-A7EA-9A219DF1871B}.Release|ARM.Build.0 = Release|Any CPU
		{B592D3A0-362E-4FC4-A7EA-9A219DF1871B}.Release|iPhone.ActiveCfg = Release|Any CPU
		{B592D3A0-362E-4FC4-A7EA-9A219DF1871B}.Release|iPhone.Build.0 = Release|Any CPU
		{B592D3A0-362E-4FC4-A7EA-9A219DF1871B}.Release|iPhoneSimulator.ActiveCfg = Release|Any CPU
		{B592D3A0-362E-4FC4-A7EA-9A219DF1871B}.Release|iPhoneSimulator.Build.0 = Release|Any CPU
		{B592D3A0-362E-4FC4-A7EA-9A219DF1871B}.Release|x64.ActiveCfg = Release|Any CPU
		{B592D3A0-362E-4FC4-A7EA-9A219DF1871B}.Release|x64.Build.0 = Release|Any CPU
		{B592D3A0-362E-4FC4-A7EA-9A219DF1871B}.Release|x86.ActiveCfg = Release|Any CPU
		{B592D3A0-362E-4FC4-A7EA-9A219DF1871B}.Release|x86.Build.0 = Release|Any CPU
		{2068BBA6-03C7-48D1-8EF9-F9A5CDACEB2E}.Ad-Hoc|Any CPU.ActiveCfg = Release|Any CPU
		{2068BBA6-03C7-48D1-8EF9-F9A5CDACEB2E}.Ad-Hoc|Any CPU.Build.0 = Release|Any CPU
		{2068BBA6-03C7-48D1-8EF9-F9A5CDACEB2E}.Ad-Hoc|ARM.ActiveCfg = Release|Any CPU
		{2068BBA6-03C7-48D1-8EF9-F9A5CDACEB2E}.Ad-Hoc|ARM.Build.0 = Release|Any CPU
		{2068BBA6-03C7-48D1-8EF9-F9A5CDACEB2E}.Ad-Hoc|iPhone.ActiveCfg = Release|Any CPU
		{2068BBA6-03C7-48D1-8EF9-F9A5CDACEB2E}.Ad-Hoc|iPhone.Build.0 = Release|Any CPU
		{2068BBA6-03C7-48D1-8EF9-F9A5CDACEB2E}.Ad-Hoc|iPhoneSimulator.ActiveCfg = Release|Any CPU
		{2068BBA6-03C7-48D1-8EF9-F9A5CDACEB2E}.Ad-Hoc|iPhoneSimulator.Build.0 = Release|Any CPU
		{2068BBA6-03C7-48D1-8EF9-F9A5CDACEB2E}.Ad-Hoc|x64.ActiveCfg = Release|Any CPU
		{2068BBA6-03C7-48D1-8EF9-F9A5CDACEB2E}.Ad-Hoc|x64.Build.0 = Release|Any CPU
		{2068BBA6-03C7-48D1-8EF9-F9A5CDACEB2E}.Ad-Hoc|x86.ActiveCfg = Release|Any CPU
		{2068BBA6-03C7-48D1-8EF9-F9A5CDACEB2E}.Ad-Hoc|x86.Build.0 = Release|Any CPU
		{2068BBA6-03C7-48D1-8EF9-F9A5CDACEB2E}.AppStore|Any CPU.ActiveCfg = Release|Any CPU
		{2068BBA6-03C7-48D1-8EF9-F9A5CDACEB2E}.AppStore|Any CPU.Build.0 = Release|Any CPU
		{2068BBA6-03C7-48D1-8EF9-F9A5CDACEB2E}.AppStore|ARM.ActiveCfg = Release|Any CPU
		{2068BBA6-03C7-48D1-8EF9-F9A5CDACEB2E}.AppStore|ARM.Build.0 = Release|Any CPU
		{2068BBA6-03C7-48D1-8EF9-F9A5CDACEB2E}.AppStore|iPhone.ActiveCfg = Release|Any CPU
		{2068BBA6-03C7-48D1-8EF9-F9A5CDACEB2E}.AppStore|iPhone.Build.0 = Release|Any CPU
		{2068BBA6-03C7-48D1-8EF9-F9A5CDACEB2E}.AppStore|iPhoneSimulator.ActiveCfg = Release|Any CPU
		{2068BBA6-03C7-48D1-8EF9-F9A5CDACEB2E}.AppStore|iPhoneSimulator.Build.0 = Release|Any CPU
		{2068BBA6-03C7-48D1-8EF9-F9A5CDACEB2E}.AppStore|x64.ActiveCfg = Release|Any CPU
		{2068BBA6-03C7-48D1-8EF9-F9A5CDACEB2E}.AppStore|x64.Build.0 = Release|Any CPU
		{2068BBA6-03C7-48D1-8EF9-F9A5CDACEB2E}.AppStore|x86.ActiveCfg = Release|Any CPU
		{2068BBA6-03C7-48D1-8EF9-F9A5CDACEB2E}.AppStore|x86.Build.0 = Release|Any CPU
		{2068BBA6-03C7-48D1-8EF9-F9A5CDACEB2E}.Debug|Any CPU.ActiveCfg = Debug|Any CPU
		{2068BBA6-03C7-48D1-8EF9-F9A5CDACEB2E}.Debug|Any CPU.Build.0 = Debug|Any CPU
		{2068BBA6-03C7-48D1-8EF9-F9A5CDACEB2E}.Debug|ARM.ActiveCfg = Debug|Any CPU
		{2068BBA6-03C7-48D1-8EF9-F9A5CDACEB2E}.Debug|ARM.Build.0 = Debug|Any CPU
		{2068BBA6-03C7-48D1-8EF9-F9A5CDACEB2E}.Debug|iPhone.ActiveCfg = Debug|Any CPU
		{2068BBA6-03C7-48D1-8EF9-F9A5CDACEB2E}.Debug|iPhone.Build.0 = Debug|Any CPU
		{2068BBA6-03C7-48D1-8EF9-F9A5CDACEB2E}.Debug|iPhoneSimulator.ActiveCfg = Debug|Any CPU
		{2068BBA6-03C7-48D1-8EF9-F9A5CDACEB2E}.Debug|iPhoneSimulator.Build.0 = Debug|Any CPU
		{2068BBA6-03C7-48D1-8EF9-F9A5CDACEB2E}.Debug|x64.ActiveCfg = Debug|Any CPU
		{2068BBA6-03C7-48D1-8EF9-F9A5CDACEB2E}.Debug|x64.Build.0 = Debug|Any CPU
		{2068BBA6-03C7-48D1-8EF9-F9A5CDACEB2E}.Debug|x86.ActiveCfg = Debug|Any CPU
		{2068BBA6-03C7-48D1-8EF9-F9A5CDACEB2E}.Debug|x86.Build.0 = Debug|Any CPU
		{2068BBA6-03C7-48D1-8EF9-F9A5CDACEB2E}.Release|Any CPU.ActiveCfg = Release|Any CPU
		{2068BBA6-03C7-48D1-8EF9-F9A5CDACEB2E}.Release|Any CPU.Build.0 = Release|Any CPU
		{2068BBA6-03C7-48D1-8EF9-F9A5CDACEB2E}.Release|ARM.ActiveCfg = Release|Any CPU
		{2068BBA6-03C7-48D1-8EF9-F9A5CDACEB2E}.Release|ARM.Build.0 = Release|Any CPU
		{2068BBA6-03C7-48D1-8EF9-F9A5CDACEB2E}.Release|iPhone.ActiveCfg = Release|Any CPU
		{2068BBA6-03C7-48D1-8EF9-F9A5CDACEB2E}.Release|iPhone.Build.0 = Release|Any CPU
		{2068BBA6-03C7-48D1-8EF9-F9A5CDACEB2E}.Release|iPhoneSimulator.ActiveCfg = Release|Any CPU
		{2068BBA6-03C7-48D1-8EF9-F9A5CDACEB2E}.Release|iPhoneSimulator.Build.0 = Release|Any CPU
		{2068BBA6-03C7-48D1-8EF9-F9A5CDACEB2E}.Release|x64.ActiveCfg = Release|Any CPU
		{2068BBA6-03C7-48D1-8EF9-F9A5CDACEB2E}.Release|x64.Build.0 = Release|Any CPU
		{2068BBA6-03C7-48D1-8EF9-F9A5CDACEB2E}.Release|x86.ActiveCfg = Release|Any CPU
		{2068BBA6-03C7-48D1-8EF9-F9A5CDACEB2E}.Release|x86.Build.0 = Release|Any CPU
		{E3EE89DD-ACAE-4EF5-AB76-E2E59B7A6CB5}.Ad-Hoc|Any CPU.ActiveCfg = Release|Any CPU
		{E3EE89DD-ACAE-4EF5-AB76-E2E59B7A6CB5}.Ad-Hoc|Any CPU.Build.0 = Release|Any CPU
		{E3EE89DD-ACAE-4EF5-AB76-E2E59B7A6CB5}.Ad-Hoc|ARM.ActiveCfg = Release|Any CPU
		{E3EE89DD-ACAE-4EF5-AB76-E2E59B7A6CB5}.Ad-Hoc|ARM.Build.0 = Release|Any CPU
		{E3EE89DD-ACAE-4EF5-AB76-E2E59B7A6CB5}.Ad-Hoc|iPhone.ActiveCfg = Release|Any CPU
		{E3EE89DD-ACAE-4EF5-AB76-E2E59B7A6CB5}.Ad-Hoc|iPhone.Build.0 = Release|Any CPU
		{E3EE89DD-ACAE-4EF5-AB76-E2E59B7A6CB5}.Ad-Hoc|iPhoneSimulator.ActiveCfg = Release|Any CPU
		{E3EE89DD-ACAE-4EF5-AB76-E2E59B7A6CB5}.Ad-Hoc|iPhoneSimulator.Build.0 = Release|Any CPU
		{E3EE89DD-ACAE-4EF5-AB76-E2E59B7A6CB5}.Ad-Hoc|x64.ActiveCfg = Release|Any CPU
		{E3EE89DD-ACAE-4EF5-AB76-E2E59B7A6CB5}.Ad-Hoc|x64.Build.0 = Release|Any CPU
		{E3EE89DD-ACAE-4EF5-AB76-E2E59B7A6CB5}.Ad-Hoc|x86.ActiveCfg = Release|Any CPU
		{E3EE89DD-ACAE-4EF5-AB76-E2E59B7A6CB5}.Ad-Hoc|x86.Build.0 = Release|Any CPU
		{E3EE89DD-ACAE-4EF5-AB76-E2E59B7A6CB5}.AppStore|Any CPU.ActiveCfg = Release|Any CPU
		{E3EE89DD-ACAE-4EF5-AB76-E2E59B7A6CB5}.AppStore|Any CPU.Build.0 = Release|Any CPU
		{E3EE89DD-ACAE-4EF5-AB76-E2E59B7A6CB5}.AppStore|ARM.ActiveCfg = Release|Any CPU
		{E3EE89DD-ACAE-4EF5-AB76-E2E59B7A6CB5}.AppStore|ARM.Build.0 = Release|Any CPU
		{E3EE89DD-ACAE-4EF5-AB76-E2E59B7A6CB5}.AppStore|iPhone.ActiveCfg = Release|Any CPU
		{E3EE89DD-ACAE-4EF5-AB76-E2E59B7A6CB5}.AppStore|iPhone.Build.0 = Release|Any CPU
		{E3EE89DD-ACAE-4EF5-AB76-E2E59B7A6CB5}.AppStore|iPhoneSimulator.ActiveCfg = Release|Any CPU
		{E3EE89DD-ACAE-4EF5-AB76-E2E59B7A6CB5}.AppStore|iPhoneSimulator.Build.0 = Release|Any CPU
		{E3EE89DD-ACAE-4EF5-AB76-E2E59B7A6CB5}.AppStore|x64.ActiveCfg = Release|Any CPU
		{E3EE89DD-ACAE-4EF5-AB76-E2E59B7A6CB5}.AppStore|x64.Build.0 = Release|Any CPU
		{E3EE89DD-ACAE-4EF5-AB76-E2E59B7A6CB5}.AppStore|x86.ActiveCfg = Release|Any CPU
		{E3EE89DD-ACAE-4EF5-AB76-E2E59B7A6CB5}.AppStore|x86.Build.0 = Release|Any CPU
		{E3EE89DD-ACAE-4EF5-AB76-E2E59B7A6CB5}.Debug|Any CPU.ActiveCfg = Debug|Any CPU
		{E3EE89DD-ACAE-4EF5-AB76-E2E59B7A6CB5}.Debug|Any CPU.Build.0 = Debug|Any CPU
		{E3EE89DD-ACAE-4EF5-AB76-E2E59B7A6CB5}.Debug|ARM.ActiveCfg = Debug|Any CPU
		{E3EE89DD-ACAE-4EF5-AB76-E2E59B7A6CB5}.Debug|ARM.Build.0 = Debug|Any CPU
		{E3EE89DD-ACAE-4EF5-AB76-E2E59B7A6CB5}.Debug|iPhone.ActiveCfg = Debug|Any CPU
		{E3EE89DD-ACAE-4EF5-AB76-E2E59B7A6CB5}.Debug|iPhone.Build.0 = Debug|Any CPU
		{E3EE89DD-ACAE-4EF5-AB76-E2E59B7A6CB5}.Debug|iPhoneSimulator.ActiveCfg = Debug|Any CPU
		{E3EE89DD-ACAE-4EF5-AB76-E2E59B7A6CB5}.Debug|iPhoneSimulator.Build.0 = Debug|Any CPU
		{E3EE89DD-ACAE-4EF5-AB76-E2E59B7A6CB5}.Debug|x64.ActiveCfg = Debug|Any CPU
		{E3EE89DD-ACAE-4EF5-AB76-E2E59B7A6CB5}.Debug|x64.Build.0 = Debug|Any CPU
		{E3EE89DD-ACAE-4EF5-AB76-E2E59B7A6CB5}.Debug|x86.ActiveCfg = Debug|Any CPU
		{E3EE89DD-ACAE-4EF5-AB76-E2E59B7A6CB5}.Debug|x86.Build.0 = Debug|Any CPU
		{E3EE89DD-ACAE-4EF5-AB76-E2E59B7A6CB5}.Release|Any CPU.ActiveCfg = Release|Any CPU
		{E3EE89DD-ACAE-4EF5-AB76-E2E59B7A6CB5}.Release|Any CPU.Build.0 = Release|Any CPU
		{E3EE89DD-ACAE-4EF5-AB76-E2E59B7A6CB5}.Release|ARM.ActiveCfg = Release|Any CPU
		{E3EE89DD-ACAE-4EF5-AB76-E2E59B7A6CB5}.Release|ARM.Build.0 = Release|Any CPU
		{E3EE89DD-ACAE-4EF5-AB76-E2E59B7A6CB5}.Release|iPhone.ActiveCfg = Release|Any CPU
		{E3EE89DD-ACAE-4EF5-AB76-E2E59B7A6CB5}.Release|iPhone.Build.0 = Release|Any CPU
		{E3EE89DD-ACAE-4EF5-AB76-E2E59B7A6CB5}.Release|iPhoneSimulator.ActiveCfg = Release|Any CPU
		{E3EE89DD-ACAE-4EF5-AB76-E2E59B7A6CB5}.Release|iPhoneSimulator.Build.0 = Release|Any CPU
		{E3EE89DD-ACAE-4EF5-AB76-E2E59B7A6CB5}.Release|x64.ActiveCfg = Release|Any CPU
		{E3EE89DD-ACAE-4EF5-AB76-E2E59B7A6CB5}.Release|x64.Build.0 = Release|Any CPU
		{E3EE89DD-ACAE-4EF5-AB76-E2E59B7A6CB5}.Release|x86.ActiveCfg = Release|Any CPU
		{E3EE89DD-ACAE-4EF5-AB76-E2E59B7A6CB5}.Release|x86.Build.0 = Release|Any CPU
		{732DD618-9E6D-459A-A82F-BEB9E0E86652}.Ad-Hoc|Any CPU.ActiveCfg = Release|Any CPU
		{732DD618-9E6D-459A-A82F-BEB9E0E86652}.Ad-Hoc|Any CPU.Build.0 = Release|Any CPU
		{732DD618-9E6D-459A-A82F-BEB9E0E86652}.Ad-Hoc|ARM.ActiveCfg = Release|Any CPU
		{732DD618-9E6D-459A-A82F-BEB9E0E86652}.Ad-Hoc|ARM.Build.0 = Release|Any CPU
		{732DD618-9E6D-459A-A82F-BEB9E0E86652}.Ad-Hoc|iPhone.ActiveCfg = Release|Any CPU
		{732DD618-9E6D-459A-A82F-BEB9E0E86652}.Ad-Hoc|iPhone.Build.0 = Release|Any CPU
		{732DD618-9E6D-459A-A82F-BEB9E0E86652}.Ad-Hoc|iPhoneSimulator.ActiveCfg = Release|Any CPU
		{732DD618-9E6D-459A-A82F-BEB9E0E86652}.Ad-Hoc|iPhoneSimulator.Build.0 = Release|Any CPU
		{732DD618-9E6D-459A-A82F-BEB9E0E86652}.Ad-Hoc|x64.ActiveCfg = Release|Any CPU
		{732DD618-9E6D-459A-A82F-BEB9E0E86652}.Ad-Hoc|x64.Build.0 = Release|Any CPU
		{732DD618-9E6D-459A-A82F-BEB9E0E86652}.Ad-Hoc|x86.ActiveCfg = Release|Any CPU
		{732DD618-9E6D-459A-A82F-BEB9E0E86652}.Ad-Hoc|x86.Build.0 = Release|Any CPU
		{732DD618-9E6D-459A-A82F-BEB9E0E86652}.AppStore|Any CPU.ActiveCfg = Release|Any CPU
		{732DD618-9E6D-459A-A82F-BEB9E0E86652}.AppStore|Any CPU.Build.0 = Release|Any CPU
		{732DD618-9E6D-459A-A82F-BEB9E0E86652}.AppStore|ARM.ActiveCfg = Release|Any CPU
		{732DD618-9E6D-459A-A82F-BEB9E0E86652}.AppStore|ARM.Build.0 = Release|Any CPU
		{732DD618-9E6D-459A-A82F-BEB9E0E86652}.AppStore|iPhone.ActiveCfg = Release|Any CPU
		{732DD618-9E6D-459A-A82F-BEB9E0E86652}.AppStore|iPhone.Build.0 = Release|Any CPU
		{732DD618-9E6D-459A-A82F-BEB9E0E86652}.AppStore|iPhoneSimulator.ActiveCfg = Release|Any CPU
		{732DD618-9E6D-459A-A82F-BEB9E0E86652}.AppStore|iPhoneSimulator.Build.0 = Release|Any CPU
		{732DD618-9E6D-459A-A82F-BEB9E0E86652}.AppStore|x64.ActiveCfg = Release|Any CPU
		{732DD618-9E6D-459A-A82F-BEB9E0E86652}.AppStore|x64.Build.0 = Release|Any CPU
		{732DD618-9E6D-459A-A82F-BEB9E0E86652}.AppStore|x86.ActiveCfg = Release|Any CPU
		{732DD618-9E6D-459A-A82F-BEB9E0E86652}.AppStore|x86.Build.0 = Release|Any CPU
		{732DD618-9E6D-459A-A82F-BEB9E0E86652}.Debug|Any CPU.ActiveCfg = Debug|Any CPU
		{732DD618-9E6D-459A-A82F-BEB9E0E86652}.Debug|Any CPU.Build.0 = Debug|Any CPU
		{732DD618-9E6D-459A-A82F-BEB9E0E86652}.Debug|ARM.ActiveCfg = Debug|Any CPU
		{732DD618-9E6D-459A-A82F-BEB9E0E86652}.Debug|ARM.Build.0 = Debug|Any CPU
		{732DD618-9E6D-459A-A82F-BEB9E0E86652}.Debug|iPhone.ActiveCfg = Debug|Any CPU
		{732DD618-9E6D-459A-A82F-BEB9E0E86652}.Debug|iPhone.Build.0 = Debug|Any CPU
		{732DD618-9E6D-459A-A82F-BEB9E0E86652}.Debug|iPhoneSimulator.ActiveCfg = Debug|Any CPU
		{732DD618-9E6D-459A-A82F-BEB9E0E86652}.Debug|iPhoneSimulator.Build.0 = Debug|Any CPU
		{732DD618-9E6D-459A-A82F-BEB9E0E86652}.Debug|x64.ActiveCfg = Debug|Any CPU
		{732DD618-9E6D-459A-A82F-BEB9E0E86652}.Debug|x64.Build.0 = Debug|Any CPU
		{732DD618-9E6D-459A-A82F-BEB9E0E86652}.Debug|x86.ActiveCfg = Debug|Any CPU
		{732DD618-9E6D-459A-A82F-BEB9E0E86652}.Debug|x86.Build.0 = Debug|Any CPU
		{732DD618-9E6D-459A-A82F-BEB9E0E86652}.Release|Any CPU.ActiveCfg = Release|Any CPU
		{732DD618-9E6D-459A-A82F-BEB9E0E86652}.Release|Any CPU.Build.0 = Release|Any CPU
		{732DD618-9E6D-459A-A82F-BEB9E0E86652}.Release|ARM.ActiveCfg = Release|Any CPU
		{732DD618-9E6D-459A-A82F-BEB9E0E86652}.Release|ARM.Build.0 = Release|Any CPU
		{732DD618-9E6D-459A-A82F-BEB9E0E86652}.Release|iPhone.ActiveCfg = Release|Any CPU
		{732DD618-9E6D-459A-A82F-BEB9E0E86652}.Release|iPhone.Build.0 = Release|Any CPU
		{732DD618-9E6D-459A-A82F-BEB9E0E86652}.Release|iPhoneSimulator.ActiveCfg = Release|Any CPU
		{732DD618-9E6D-459A-A82F-BEB9E0E86652}.Release|iPhoneSimulator.Build.0 = Release|Any CPU
		{732DD618-9E6D-459A-A82F-BEB9E0E86652}.Release|x64.ActiveCfg = Release|Any CPU
		{732DD618-9E6D-459A-A82F-BEB9E0E86652}.Release|x64.Build.0 = Release|Any CPU
		{732DD618-9E6D-459A-A82F-BEB9E0E86652}.Release|x86.ActiveCfg = Release|Any CPU
		{732DD618-9E6D-459A-A82F-BEB9E0E86652}.Release|x86.Build.0 = Release|Any CPU
		{0F078626-28B8-4562-9120-42286A0C24B0}.Ad-Hoc|Any CPU.ActiveCfg = Release|Any CPU
		{0F078626-28B8-4562-9120-42286A0C24B0}.Ad-Hoc|Any CPU.Build.0 = Release|Any CPU
		{0F078626-28B8-4562-9120-42286A0C24B0}.Ad-Hoc|ARM.ActiveCfg = Release|Any CPU
		{0F078626-28B8-4562-9120-42286A0C24B0}.Ad-Hoc|ARM.Build.0 = Release|Any CPU
		{0F078626-28B8-4562-9120-42286A0C24B0}.Ad-Hoc|iPhone.ActiveCfg = Release|Any CPU
		{0F078626-28B8-4562-9120-42286A0C24B0}.Ad-Hoc|iPhone.Build.0 = Release|Any CPU
		{0F078626-28B8-4562-9120-42286A0C24B0}.Ad-Hoc|iPhoneSimulator.ActiveCfg = Release|Any CPU
		{0F078626-28B8-4562-9120-42286A0C24B0}.Ad-Hoc|iPhoneSimulator.Build.0 = Release|Any CPU
		{0F078626-28B8-4562-9120-42286A0C24B0}.Ad-Hoc|x64.ActiveCfg = Release|Any CPU
		{0F078626-28B8-4562-9120-42286A0C24B0}.Ad-Hoc|x64.Build.0 = Release|Any CPU
		{0F078626-28B8-4562-9120-42286A0C24B0}.Ad-Hoc|x86.ActiveCfg = Release|Any CPU
		{0F078626-28B8-4562-9120-42286A0C24B0}.Ad-Hoc|x86.Build.0 = Release|Any CPU
		{0F078626-28B8-4562-9120-42286A0C24B0}.AppStore|Any CPU.ActiveCfg = Release|Any CPU
		{0F078626-28B8-4562-9120-42286A0C24B0}.AppStore|Any CPU.Build.0 = Release|Any CPU
		{0F078626-28B8-4562-9120-42286A0C24B0}.AppStore|ARM.ActiveCfg = Release|Any CPU
		{0F078626-28B8-4562-9120-42286A0C24B0}.AppStore|ARM.Build.0 = Release|Any CPU
		{0F078626-28B8-4562-9120-42286A0C24B0}.AppStore|iPhone.ActiveCfg = Release|Any CPU
		{0F078626-28B8-4562-9120-42286A0C24B0}.AppStore|iPhone.Build.0 = Release|Any CPU
		{0F078626-28B8-4562-9120-42286A0C24B0}.AppStore|iPhoneSimulator.ActiveCfg = Release|Any CPU
		{0F078626-28B8-4562-9120-42286A0C24B0}.AppStore|iPhoneSimulator.Build.0 = Release|Any CPU
		{0F078626-28B8-4562-9120-42286A0C24B0}.AppStore|x64.ActiveCfg = Release|Any CPU
		{0F078626-28B8-4562-9120-42286A0C24B0}.AppStore|x64.Build.0 = Release|Any CPU
		{0F078626-28B8-4562-9120-42286A0C24B0}.AppStore|x86.ActiveCfg = Release|Any CPU
		{0F078626-28B8-4562-9120-42286A0C24B0}.AppStore|x86.Build.0 = Release|Any CPU
		{0F078626-28B8-4562-9120-42286A0C24B0}.Debug|Any CPU.ActiveCfg = Debug|Any CPU
		{0F078626-28B8-4562-9120-42286A0C24B0}.Debug|Any CPU.Build.0 = Debug|Any CPU
		{0F078626-28B8-4562-9120-42286A0C24B0}.Debug|ARM.ActiveCfg = Debug|Any CPU
		{0F078626-28B8-4562-9120-42286A0C24B0}.Debug|ARM.Build.0 = Debug|Any CPU
		{0F078626-28B8-4562-9120-42286A0C24B0}.Debug|iPhone.ActiveCfg = Debug|Any CPU
		{0F078626-28B8-4562-9120-42286A0C24B0}.Debug|iPhone.Build.0 = Debug|Any CPU
		{0F078626-28B8-4562-9120-42286A0C24B0}.Debug|iPhoneSimulator.ActiveCfg = Debug|Any CPU
		{0F078626-28B8-4562-9120-42286A0C24B0}.Debug|iPhoneSimulator.Build.0 = Debug|Any CPU
		{0F078626-28B8-4562-9120-42286A0C24B0}.Debug|x64.ActiveCfg = Debug|Any CPU
		{0F078626-28B8-4562-9120-42286A0C24B0}.Debug|x64.Build.0 = Debug|Any CPU
		{0F078626-28B8-4562-9120-42286A0C24B0}.Debug|x86.ActiveCfg = Debug|Any CPU
		{0F078626-28B8-4562-9120-42286A0C24B0}.Debug|x86.Build.0 = Debug|Any CPU
		{0F078626-28B8-4562-9120-42286A0C24B0}.Release|Any CPU.ActiveCfg = Release|Any CPU
		{0F078626-28B8-4562-9120-42286A0C24B0}.Release|Any CPU.Build.0 = Release|Any CPU
		{0F078626-28B8-4562-9120-42286A0C24B0}.Release|ARM.ActiveCfg = Release|Any CPU
		{0F078626-28B8-4562-9120-42286A0C24B0}.Release|ARM.Build.0 = Release|Any CPU
		{0F078626-28B8-4562-9120-42286A0C24B0}.Release|iPhone.ActiveCfg = Release|Any CPU
		{0F078626-28B8-4562-9120-42286A0C24B0}.Release|iPhone.Build.0 = Release|Any CPU
		{0F078626-28B8-4562-9120-42286A0C24B0}.Release|iPhoneSimulator.ActiveCfg = Release|Any CPU
		{0F078626-28B8-4562-9120-42286A0C24B0}.Release|iPhoneSimulator.Build.0 = Release|Any CPU
		{0F078626-28B8-4562-9120-42286A0C24B0}.Release|x64.ActiveCfg = Release|Any CPU
		{0F078626-28B8-4562-9120-42286A0C24B0}.Release|x64.Build.0 = Release|Any CPU
		{0F078626-28B8-4562-9120-42286A0C24B0}.Release|x86.ActiveCfg = Release|Any CPU
		{0F078626-28B8-4562-9120-42286A0C24B0}.Release|x86.Build.0 = Release|Any CPU
		{499F37D1-8D3B-4C1A-9641-E8131B8327EF}.Ad-Hoc|Any CPU.ActiveCfg = Release|Any CPU
		{499F37D1-8D3B-4C1A-9641-E8131B8327EF}.Ad-Hoc|Any CPU.Build.0 = Release|Any CPU
		{499F37D1-8D3B-4C1A-9641-E8131B8327EF}.Ad-Hoc|ARM.ActiveCfg = Release|Any CPU
		{499F37D1-8D3B-4C1A-9641-E8131B8327EF}.Ad-Hoc|ARM.Build.0 = Release|Any CPU
		{499F37D1-8D3B-4C1A-9641-E8131B8327EF}.Ad-Hoc|iPhone.ActiveCfg = Release|Any CPU
		{499F37D1-8D3B-4C1A-9641-E8131B8327EF}.Ad-Hoc|iPhone.Build.0 = Release|Any CPU
		{499F37D1-8D3B-4C1A-9641-E8131B8327EF}.Ad-Hoc|iPhoneSimulator.ActiveCfg = Release|Any CPU
		{499F37D1-8D3B-4C1A-9641-E8131B8327EF}.Ad-Hoc|iPhoneSimulator.Build.0 = Release|Any CPU
		{499F37D1-8D3B-4C1A-9641-E8131B8327EF}.Ad-Hoc|x64.ActiveCfg = Release|Any CPU
		{499F37D1-8D3B-4C1A-9641-E8131B8327EF}.Ad-Hoc|x64.Build.0 = Release|Any CPU
		{499F37D1-8D3B-4C1A-9641-E8131B8327EF}.Ad-Hoc|x86.ActiveCfg = Release|Any CPU
		{499F37D1-8D3B-4C1A-9641-E8131B8327EF}.Ad-Hoc|x86.Build.0 = Release|Any CPU
		{499F37D1-8D3B-4C1A-9641-E8131B8327EF}.AppStore|Any CPU.ActiveCfg = Release|Any CPU
		{499F37D1-8D3B-4C1A-9641-E8131B8327EF}.AppStore|Any CPU.Build.0 = Release|Any CPU
		{499F37D1-8D3B-4C1A-9641-E8131B8327EF}.AppStore|ARM.ActiveCfg = Release|Any CPU
		{499F37D1-8D3B-4C1A-9641-E8131B8327EF}.AppStore|ARM.Build.0 = Release|Any CPU
		{499F37D1-8D3B-4C1A-9641-E8131B8327EF}.AppStore|iPhone.ActiveCfg = Release|Any CPU
		{499F37D1-8D3B-4C1A-9641-E8131B8327EF}.AppStore|iPhone.Build.0 = Release|Any CPU
		{499F37D1-8D3B-4C1A-9641-E8131B8327EF}.AppStore|iPhoneSimulator.ActiveCfg = Release|Any CPU
		{499F37D1-8D3B-4C1A-9641-E8131B8327EF}.AppStore|iPhoneSimulator.Build.0 = Release|Any CPU
		{499F37D1-8D3B-4C1A-9641-E8131B8327EF}.AppStore|x64.ActiveCfg = Release|Any CPU
		{499F37D1-8D3B-4C1A-9641-E8131B8327EF}.AppStore|x64.Build.0 = Release|Any CPU
		{499F37D1-8D3B-4C1A-9641-E8131B8327EF}.AppStore|x86.ActiveCfg = Release|Any CPU
		{499F37D1-8D3B-4C1A-9641-E8131B8327EF}.AppStore|x86.Build.0 = Release|Any CPU
		{499F37D1-8D3B-4C1A-9641-E8131B8327EF}.Debug|Any CPU.ActiveCfg = Debug|Any CPU
		{499F37D1-8D3B-4C1A-9641-E8131B8327EF}.Debug|Any CPU.Build.0 = Debug|Any CPU
		{499F37D1-8D3B-4C1A-9641-E8131B8327EF}.Debug|ARM.ActiveCfg = Debug|Any CPU
		{499F37D1-8D3B-4C1A-9641-E8131B8327EF}.Debug|ARM.Build.0 = Debug|Any CPU
		{499F37D1-8D3B-4C1A-9641-E8131B8327EF}.Debug|iPhone.ActiveCfg = Debug|Any CPU
		{499F37D1-8D3B-4C1A-9641-E8131B8327EF}.Debug|iPhone.Build.0 = Debug|Any CPU
		{499F37D1-8D3B-4C1A-9641-E8131B8327EF}.Debug|iPhoneSimulator.ActiveCfg = Debug|Any CPU
		{499F37D1-8D3B-4C1A-9641-E8131B8327EF}.Debug|iPhoneSimulator.Build.0 = Debug|Any CPU
		{499F37D1-8D3B-4C1A-9641-E8131B8327EF}.Debug|x64.ActiveCfg = Debug|Any CPU
		{499F37D1-8D3B-4C1A-9641-E8131B8327EF}.Debug|x64.Build.0 = Debug|Any CPU
		{499F37D1-8D3B-4C1A-9641-E8131B8327EF}.Debug|x86.ActiveCfg = Debug|Any CPU
		{499F37D1-8D3B-4C1A-9641-E8131B8327EF}.Debug|x86.Build.0 = Debug|Any CPU
		{499F37D1-8D3B-4C1A-9641-E8131B8327EF}.Release|Any CPU.ActiveCfg = Release|Any CPU
		{499F37D1-8D3B-4C1A-9641-E8131B8327EF}.Release|Any CPU.Build.0 = Release|Any CPU
		{499F37D1-8D3B-4C1A-9641-E8131B8327EF}.Release|ARM.ActiveCfg = Release|Any CPU
		{499F37D1-8D3B-4C1A-9641-E8131B8327EF}.Release|ARM.Build.0 = Release|Any CPU
		{499F37D1-8D3B-4C1A-9641-E8131B8327EF}.Release|iPhone.ActiveCfg = Release|Any CPU
		{499F37D1-8D3B-4C1A-9641-E8131B8327EF}.Release|iPhone.Build.0 = Release|Any CPU
		{499F37D1-8D3B-4C1A-9641-E8131B8327EF}.Release|iPhoneSimulator.ActiveCfg = Release|Any CPU
		{499F37D1-8D3B-4C1A-9641-E8131B8327EF}.Release|iPhoneSimulator.Build.0 = Release|Any CPU
		{499F37D1-8D3B-4C1A-9641-E8131B8327EF}.Release|x64.ActiveCfg = Release|Any CPU
		{499F37D1-8D3B-4C1A-9641-E8131B8327EF}.Release|x64.Build.0 = Release|Any CPU
		{499F37D1-8D3B-4C1A-9641-E8131B8327EF}.Release|x86.ActiveCfg = Release|Any CPU
		{499F37D1-8D3B-4C1A-9641-E8131B8327EF}.Release|x86.Build.0 = Release|Any CPU
		{39EDFFD6-C58E-4DEF-8F5B-59EADECB13AF}.Ad-Hoc|Any CPU.ActiveCfg = Release|Any CPU
		{39EDFFD6-C58E-4DEF-8F5B-59EADECB13AF}.Ad-Hoc|Any CPU.Build.0 = Release|Any CPU
		{39EDFFD6-C58E-4DEF-8F5B-59EADECB13AF}.Ad-Hoc|ARM.ActiveCfg = Release|Any CPU
		{39EDFFD6-C58E-4DEF-8F5B-59EADECB13AF}.Ad-Hoc|ARM.Build.0 = Release|Any CPU
		{39EDFFD6-C58E-4DEF-8F5B-59EADECB13AF}.Ad-Hoc|iPhone.ActiveCfg = Release|Any CPU
		{39EDFFD6-C58E-4DEF-8F5B-59EADECB13AF}.Ad-Hoc|iPhone.Build.0 = Release|Any CPU
		{39EDFFD6-C58E-4DEF-8F5B-59EADECB13AF}.Ad-Hoc|iPhoneSimulator.ActiveCfg = Release|Any CPU
		{39EDFFD6-C58E-4DEF-8F5B-59EADECB13AF}.Ad-Hoc|iPhoneSimulator.Build.0 = Release|Any CPU
		{39EDFFD6-C58E-4DEF-8F5B-59EADECB13AF}.Ad-Hoc|x64.ActiveCfg = Release|Any CPU
		{39EDFFD6-C58E-4DEF-8F5B-59EADECB13AF}.Ad-Hoc|x64.Build.0 = Release|Any CPU
		{39EDFFD6-C58E-4DEF-8F5B-59EADECB13AF}.Ad-Hoc|x86.ActiveCfg = Release|Any CPU
		{39EDFFD6-C58E-4DEF-8F5B-59EADECB13AF}.Ad-Hoc|x86.Build.0 = Release|Any CPU
		{39EDFFD6-C58E-4DEF-8F5B-59EADECB13AF}.AppStore|Any CPU.ActiveCfg = Release|Any CPU
		{39EDFFD6-C58E-4DEF-8F5B-59EADECB13AF}.AppStore|Any CPU.Build.0 = Release|Any CPU
		{39EDFFD6-C58E-4DEF-8F5B-59EADECB13AF}.AppStore|ARM.ActiveCfg = Release|Any CPU
		{39EDFFD6-C58E-4DEF-8F5B-59EADECB13AF}.AppStore|ARM.Build.0 = Release|Any CPU
		{39EDFFD6-C58E-4DEF-8F5B-59EADECB13AF}.AppStore|iPhone.ActiveCfg = Release|Any CPU
		{39EDFFD6-C58E-4DEF-8F5B-59EADECB13AF}.AppStore|iPhone.Build.0 = Release|Any CPU
		{39EDFFD6-C58E-4DEF-8F5B-59EADECB13AF}.AppStore|iPhoneSimulator.ActiveCfg = Release|Any CPU
		{39EDFFD6-C58E-4DEF-8F5B-59EADECB13AF}.AppStore|iPhoneSimulator.Build.0 = Release|Any CPU
		{39EDFFD6-C58E-4DEF-8F5B-59EADECB13AF}.AppStore|x64.ActiveCfg = Release|Any CPU
		{39EDFFD6-C58E-4DEF-8F5B-59EADECB13AF}.AppStore|x64.Build.0 = Release|Any CPU
		{39EDFFD6-C58E-4DEF-8F5B-59EADECB13AF}.AppStore|x86.ActiveCfg = Release|Any CPU
		{39EDFFD6-C58E-4DEF-8F5B-59EADECB13AF}.AppStore|x86.Build.0 = Release|Any CPU
		{39EDFFD6-C58E-4DEF-8F5B-59EADECB13AF}.Debug|Any CPU.ActiveCfg = Debug|Any CPU
		{39EDFFD6-C58E-4DEF-8F5B-59EADECB13AF}.Debug|Any CPU.Build.0 = Debug|Any CPU
		{39EDFFD6-C58E-4DEF-8F5B-59EADECB13AF}.Debug|ARM.ActiveCfg = Debug|Any CPU
		{39EDFFD6-C58E-4DEF-8F5B-59EADECB13AF}.Debug|ARM.Build.0 = Debug|Any CPU
		{39EDFFD6-C58E-4DEF-8F5B-59EADECB13AF}.Debug|iPhone.ActiveCfg = Debug|Any CPU
		{39EDFFD6-C58E-4DEF-8F5B-59EADECB13AF}.Debug|iPhone.Build.0 = Debug|Any CPU
		{39EDFFD6-C58E-4DEF-8F5B-59EADECB13AF}.Debug|iPhoneSimulator.ActiveCfg = Debug|Any CPU
		{39EDFFD6-C58E-4DEF-8F5B-59EADECB13AF}.Debug|iPhoneSimulator.Build.0 = Debug|Any CPU
		{39EDFFD6-C58E-4DEF-8F5B-59EADECB13AF}.Debug|x64.ActiveCfg = Debug|Any CPU
		{39EDFFD6-C58E-4DEF-8F5B-59EADECB13AF}.Debug|x64.Build.0 = Debug|Any CPU
		{39EDFFD6-C58E-4DEF-8F5B-59EADECB13AF}.Debug|x86.ActiveCfg = Debug|Any CPU
		{39EDFFD6-C58E-4DEF-8F5B-59EADECB13AF}.Debug|x86.Build.0 = Debug|Any CPU
		{39EDFFD6-C58E-4DEF-8F5B-59EADECB13AF}.Release|Any CPU.ActiveCfg = Release|Any CPU
		{39EDFFD6-C58E-4DEF-8F5B-59EADECB13AF}.Release|Any CPU.Build.0 = Release|Any CPU
		{39EDFFD6-C58E-4DEF-8F5B-59EADECB13AF}.Release|ARM.ActiveCfg = Release|Any CPU
		{39EDFFD6-C58E-4DEF-8F5B-59EADECB13AF}.Release|ARM.Build.0 = Release|Any CPU
		{39EDFFD6-C58E-4DEF-8F5B-59EADECB13AF}.Release|iPhone.ActiveCfg = Release|Any CPU
		{39EDFFD6-C58E-4DEF-8F5B-59EADECB13AF}.Release|iPhone.Build.0 = Release|Any CPU
		{39EDFFD6-C58E-4DEF-8F5B-59EADECB13AF}.Release|iPhoneSimulator.ActiveCfg = Release|Any CPU
		{39EDFFD6-C58E-4DEF-8F5B-59EADECB13AF}.Release|iPhoneSimulator.Build.0 = Release|Any CPU
		{39EDFFD6-C58E-4DEF-8F5B-59EADECB13AF}.Release|x64.ActiveCfg = Release|Any CPU
		{39EDFFD6-C58E-4DEF-8F5B-59EADECB13AF}.Release|x64.Build.0 = Release|Any CPU
		{39EDFFD6-C58E-4DEF-8F5B-59EADECB13AF}.Release|x86.ActiveCfg = Release|Any CPU
		{39EDFFD6-C58E-4DEF-8F5B-59EADECB13AF}.Release|x86.Build.0 = Release|Any CPU
		{DCB259FD-6F64-441A-AE1C-31FA1EF7FFE7}.Ad-Hoc|Any CPU.ActiveCfg = Release|Any CPU
		{DCB259FD-6F64-441A-AE1C-31FA1EF7FFE7}.Ad-Hoc|Any CPU.Build.0 = Release|Any CPU
		{DCB259FD-6F64-441A-AE1C-31FA1EF7FFE7}.Ad-Hoc|ARM.ActiveCfg = Release|Any CPU
		{DCB259FD-6F64-441A-AE1C-31FA1EF7FFE7}.Ad-Hoc|ARM.Build.0 = Release|Any CPU
		{DCB259FD-6F64-441A-AE1C-31FA1EF7FFE7}.Ad-Hoc|iPhone.ActiveCfg = Release|Any CPU
		{DCB259FD-6F64-441A-AE1C-31FA1EF7FFE7}.Ad-Hoc|iPhone.Build.0 = Release|Any CPU
		{DCB259FD-6F64-441A-AE1C-31FA1EF7FFE7}.Ad-Hoc|iPhoneSimulator.ActiveCfg = Release|Any CPU
		{DCB259FD-6F64-441A-AE1C-31FA1EF7FFE7}.Ad-Hoc|iPhoneSimulator.Build.0 = Release|Any CPU
		{DCB259FD-6F64-441A-AE1C-31FA1EF7FFE7}.Ad-Hoc|x64.ActiveCfg = Release|Any CPU
		{DCB259FD-6F64-441A-AE1C-31FA1EF7FFE7}.Ad-Hoc|x64.Build.0 = Release|Any CPU
		{DCB259FD-6F64-441A-AE1C-31FA1EF7FFE7}.Ad-Hoc|x86.ActiveCfg = Release|Any CPU
		{DCB259FD-6F64-441A-AE1C-31FA1EF7FFE7}.Ad-Hoc|x86.Build.0 = Release|Any CPU
		{DCB259FD-6F64-441A-AE1C-31FA1EF7FFE7}.AppStore|Any CPU.ActiveCfg = Release|Any CPU
		{DCB259FD-6F64-441A-AE1C-31FA1EF7FFE7}.AppStore|Any CPU.Build.0 = Release|Any CPU
		{DCB259FD-6F64-441A-AE1C-31FA1EF7FFE7}.AppStore|ARM.ActiveCfg = Release|Any CPU
		{DCB259FD-6F64-441A-AE1C-31FA1EF7FFE7}.AppStore|ARM.Build.0 = Release|Any CPU
		{DCB259FD-6F64-441A-AE1C-31FA1EF7FFE7}.AppStore|iPhone.ActiveCfg = Release|Any CPU
		{DCB259FD-6F64-441A-AE1C-31FA1EF7FFE7}.AppStore|iPhone.Build.0 = Release|Any CPU
		{DCB259FD-6F64-441A-AE1C-31FA1EF7FFE7}.AppStore|iPhoneSimulator.ActiveCfg = Release|Any CPU
		{DCB259FD-6F64-441A-AE1C-31FA1EF7FFE7}.AppStore|iPhoneSimulator.Build.0 = Release|Any CPU
		{DCB259FD-6F64-441A-AE1C-31FA1EF7FFE7}.AppStore|x64.ActiveCfg = Release|Any CPU
		{DCB259FD-6F64-441A-AE1C-31FA1EF7FFE7}.AppStore|x64.Build.0 = Release|Any CPU
		{DCB259FD-6F64-441A-AE1C-31FA1EF7FFE7}.AppStore|x86.ActiveCfg = Release|Any CPU
		{DCB259FD-6F64-441A-AE1C-31FA1EF7FFE7}.AppStore|x86.Build.0 = Release|Any CPU
		{DCB259FD-6F64-441A-AE1C-31FA1EF7FFE7}.Debug|Any CPU.ActiveCfg = Debug|Any CPU
		{DCB259FD-6F64-441A-AE1C-31FA1EF7FFE7}.Debug|Any CPU.Build.0 = Debug|Any CPU
		{DCB259FD-6F64-441A-AE1C-31FA1EF7FFE7}.Debug|ARM.ActiveCfg = Debug|Any CPU
		{DCB259FD-6F64-441A-AE1C-31FA1EF7FFE7}.Debug|ARM.Build.0 = Debug|Any CPU
		{DCB259FD-6F64-441A-AE1C-31FA1EF7FFE7}.Debug|iPhone.ActiveCfg = Debug|Any CPU
		{DCB259FD-6F64-441A-AE1C-31FA1EF7FFE7}.Debug|iPhone.Build.0 = Debug|Any CPU
		{DCB259FD-6F64-441A-AE1C-31FA1EF7FFE7}.Debug|iPhoneSimulator.ActiveCfg = Debug|Any CPU
		{DCB259FD-6F64-441A-AE1C-31FA1EF7FFE7}.Debug|iPhoneSimulator.Build.0 = Debug|Any CPU
		{DCB259FD-6F64-441A-AE1C-31FA1EF7FFE7}.Debug|x64.ActiveCfg = Debug|Any CPU
		{DCB259FD-6F64-441A-AE1C-31FA1EF7FFE7}.Debug|x64.Build.0 = Debug|Any CPU
		{DCB259FD-6F64-441A-AE1C-31FA1EF7FFE7}.Debug|x86.ActiveCfg = Debug|Any CPU
		{DCB259FD-6F64-441A-AE1C-31FA1EF7FFE7}.Debug|x86.Build.0 = Debug|Any CPU
		{DCB259FD-6F64-441A-AE1C-31FA1EF7FFE7}.Release|Any CPU.ActiveCfg = Release|Any CPU
		{DCB259FD-6F64-441A-AE1C-31FA1EF7FFE7}.Release|Any CPU.Build.0 = Release|Any CPU
		{DCB259FD-6F64-441A-AE1C-31FA1EF7FFE7}.Release|ARM.ActiveCfg = Release|Any CPU
		{DCB259FD-6F64-441A-AE1C-31FA1EF7FFE7}.Release|ARM.Build.0 = Release|Any CPU
		{DCB259FD-6F64-441A-AE1C-31FA1EF7FFE7}.Release|iPhone.ActiveCfg = Release|Any CPU
		{DCB259FD-6F64-441A-AE1C-31FA1EF7FFE7}.Release|iPhone.Build.0 = Release|Any CPU
		{DCB259FD-6F64-441A-AE1C-31FA1EF7FFE7}.Release|iPhoneSimulator.ActiveCfg = Release|Any CPU
		{DCB259FD-6F64-441A-AE1C-31FA1EF7FFE7}.Release|iPhoneSimulator.Build.0 = Release|Any CPU
		{DCB259FD-6F64-441A-AE1C-31FA1EF7FFE7}.Release|x64.ActiveCfg = Release|Any CPU
		{DCB259FD-6F64-441A-AE1C-31FA1EF7FFE7}.Release|x64.Build.0 = Release|Any CPU
		{DCB259FD-6F64-441A-AE1C-31FA1EF7FFE7}.Release|x86.ActiveCfg = Release|Any CPU
		{DCB259FD-6F64-441A-AE1C-31FA1EF7FFE7}.Release|x86.Build.0 = Release|Any CPU
		{FE540F67-F0D2-49AC-9411-2E6585BD8B8C}.Ad-Hoc|Any CPU.ActiveCfg = Release|Any CPU
		{FE540F67-F0D2-49AC-9411-2E6585BD8B8C}.Ad-Hoc|Any CPU.Build.0 = Release|Any CPU
		{FE540F67-F0D2-49AC-9411-2E6585BD8B8C}.Ad-Hoc|ARM.ActiveCfg = Release|Any CPU
		{FE540F67-F0D2-49AC-9411-2E6585BD8B8C}.Ad-Hoc|ARM.Build.0 = Release|Any CPU
		{FE540F67-F0D2-49AC-9411-2E6585BD8B8C}.Ad-Hoc|iPhone.ActiveCfg = Release|Any CPU
		{FE540F67-F0D2-49AC-9411-2E6585BD8B8C}.Ad-Hoc|iPhone.Build.0 = Release|Any CPU
		{FE540F67-F0D2-49AC-9411-2E6585BD8B8C}.Ad-Hoc|iPhoneSimulator.ActiveCfg = Release|Any CPU
		{FE540F67-F0D2-49AC-9411-2E6585BD8B8C}.Ad-Hoc|iPhoneSimulator.Build.0 = Release|Any CPU
		{FE540F67-F0D2-49AC-9411-2E6585BD8B8C}.Ad-Hoc|x64.ActiveCfg = Release|Any CPU
		{FE540F67-F0D2-49AC-9411-2E6585BD8B8C}.Ad-Hoc|x64.Build.0 = Release|Any CPU
		{FE540F67-F0D2-49AC-9411-2E6585BD8B8C}.Ad-Hoc|x86.ActiveCfg = Release|Any CPU
		{FE540F67-F0D2-49AC-9411-2E6585BD8B8C}.Ad-Hoc|x86.Build.0 = Release|Any CPU
		{FE540F67-F0D2-49AC-9411-2E6585BD8B8C}.AppStore|Any CPU.ActiveCfg = Release|Any CPU
		{FE540F67-F0D2-49AC-9411-2E6585BD8B8C}.AppStore|Any CPU.Build.0 = Release|Any CPU
		{FE540F67-F0D2-49AC-9411-2E6585BD8B8C}.AppStore|ARM.ActiveCfg = Release|Any CPU
		{FE540F67-F0D2-49AC-9411-2E6585BD8B8C}.AppStore|ARM.Build.0 = Release|Any CPU
		{FE540F67-F0D2-49AC-9411-2E6585BD8B8C}.AppStore|iPhone.ActiveCfg = Release|Any CPU
		{FE540F67-F0D2-49AC-9411-2E6585BD8B8C}.AppStore|iPhone.Build.0 = Release|Any CPU
		{FE540F67-F0D2-49AC-9411-2E6585BD8B8C}.AppStore|iPhoneSimulator.ActiveCfg = Release|Any CPU
		{FE540F67-F0D2-49AC-9411-2E6585BD8B8C}.AppStore|iPhoneSimulator.Build.0 = Release|Any CPU
		{FE540F67-F0D2-49AC-9411-2E6585BD8B8C}.AppStore|x64.ActiveCfg = Release|Any CPU
		{FE540F67-F0D2-49AC-9411-2E6585BD8B8C}.AppStore|x64.Build.0 = Release|Any CPU
		{FE540F67-F0D2-49AC-9411-2E6585BD8B8C}.AppStore|x86.ActiveCfg = Release|Any CPU
		{FE540F67-F0D2-49AC-9411-2E6585BD8B8C}.AppStore|x86.Build.0 = Release|Any CPU
		{FE540F67-F0D2-49AC-9411-2E6585BD8B8C}.Debug|Any CPU.ActiveCfg = Debug|Any CPU
		{FE540F67-F0D2-49AC-9411-2E6585BD8B8C}.Debug|Any CPU.Build.0 = Debug|Any CPU
		{FE540F67-F0D2-49AC-9411-2E6585BD8B8C}.Debug|ARM.ActiveCfg = Debug|Any CPU
		{FE540F67-F0D2-49AC-9411-2E6585BD8B8C}.Debug|ARM.Build.0 = Debug|Any CPU
		{FE540F67-F0D2-49AC-9411-2E6585BD8B8C}.Debug|iPhone.ActiveCfg = Debug|Any CPU
		{FE540F67-F0D2-49AC-9411-2E6585BD8B8C}.Debug|iPhone.Build.0 = Debug|Any CPU
		{FE540F67-F0D2-49AC-9411-2E6585BD8B8C}.Debug|iPhoneSimulator.ActiveCfg = Debug|Any CPU
		{FE540F67-F0D2-49AC-9411-2E6585BD8B8C}.Debug|iPhoneSimulator.Build.0 = Debug|Any CPU
		{FE540F67-F0D2-49AC-9411-2E6585BD8B8C}.Debug|x64.ActiveCfg = Debug|Any CPU
		{FE540F67-F0D2-49AC-9411-2E6585BD8B8C}.Debug|x64.Build.0 = Debug|Any CPU
		{FE540F67-F0D2-49AC-9411-2E6585BD8B8C}.Debug|x86.ActiveCfg = Debug|Any CPU
		{FE540F67-F0D2-49AC-9411-2E6585BD8B8C}.Debug|x86.Build.0 = Debug|Any CPU
		{FE540F67-F0D2-49AC-9411-2E6585BD8B8C}.Release|Any CPU.ActiveCfg = Release|Any CPU
		{FE540F67-F0D2-49AC-9411-2E6585BD8B8C}.Release|Any CPU.Build.0 = Release|Any CPU
		{FE540F67-F0D2-49AC-9411-2E6585BD8B8C}.Release|ARM.ActiveCfg = Release|Any CPU
		{FE540F67-F0D2-49AC-9411-2E6585BD8B8C}.Release|ARM.Build.0 = Release|Any CPU
		{FE540F67-F0D2-49AC-9411-2E6585BD8B8C}.Release|iPhone.ActiveCfg = Release|Any CPU
		{FE540F67-F0D2-49AC-9411-2E6585BD8B8C}.Release|iPhone.Build.0 = Release|Any CPU
		{FE540F67-F0D2-49AC-9411-2E6585BD8B8C}.Release|iPhoneSimulator.ActiveCfg = Release|Any CPU
		{FE540F67-F0D2-49AC-9411-2E6585BD8B8C}.Release|iPhoneSimulator.Build.0 = Release|Any CPU
		{FE540F67-F0D2-49AC-9411-2E6585BD8B8C}.Release|x64.ActiveCfg = Release|Any CPU
		{FE540F67-F0D2-49AC-9411-2E6585BD8B8C}.Release|x64.Build.0 = Release|Any CPU
		{FE540F67-F0D2-49AC-9411-2E6585BD8B8C}.Release|x86.ActiveCfg = Release|Any CPU
		{FE540F67-F0D2-49AC-9411-2E6585BD8B8C}.Release|x86.Build.0 = Release|Any CPU
		{5FA9E7D3-FB4D-44CA-AA24-34F7FDA26A29}.Ad-Hoc|Any CPU.ActiveCfg = Release|Any CPU
		{5FA9E7D3-FB4D-44CA-AA24-34F7FDA26A29}.Ad-Hoc|Any CPU.Build.0 = Release|Any CPU
		{5FA9E7D3-FB4D-44CA-AA24-34F7FDA26A29}.Ad-Hoc|ARM.ActiveCfg = Release|Any CPU
		{5FA9E7D3-FB4D-44CA-AA24-34F7FDA26A29}.Ad-Hoc|ARM.Build.0 = Release|Any CPU
		{5FA9E7D3-FB4D-44CA-AA24-34F7FDA26A29}.Ad-Hoc|iPhone.ActiveCfg = Release|Any CPU
		{5FA9E7D3-FB4D-44CA-AA24-34F7FDA26A29}.Ad-Hoc|iPhone.Build.0 = Release|Any CPU
		{5FA9E7D3-FB4D-44CA-AA24-34F7FDA26A29}.Ad-Hoc|iPhoneSimulator.ActiveCfg = Release|Any CPU
		{5FA9E7D3-FB4D-44CA-AA24-34F7FDA26A29}.Ad-Hoc|iPhoneSimulator.Build.0 = Release|Any CPU
		{5FA9E7D3-FB4D-44CA-AA24-34F7FDA26A29}.Ad-Hoc|x64.ActiveCfg = Release|Any CPU
		{5FA9E7D3-FB4D-44CA-AA24-34F7FDA26A29}.Ad-Hoc|x64.Build.0 = Release|Any CPU
		{5FA9E7D3-FB4D-44CA-AA24-34F7FDA26A29}.Ad-Hoc|x86.ActiveCfg = Release|Any CPU
		{5FA9E7D3-FB4D-44CA-AA24-34F7FDA26A29}.Ad-Hoc|x86.Build.0 = Release|Any CPU
		{5FA9E7D3-FB4D-44CA-AA24-34F7FDA26A29}.AppStore|Any CPU.ActiveCfg = Release|Any CPU
		{5FA9E7D3-FB4D-44CA-AA24-34F7FDA26A29}.AppStore|Any CPU.Build.0 = Release|Any CPU
		{5FA9E7D3-FB4D-44CA-AA24-34F7FDA26A29}.AppStore|ARM.ActiveCfg = Release|Any CPU
		{5FA9E7D3-FB4D-44CA-AA24-34F7FDA26A29}.AppStore|ARM.Build.0 = Release|Any CPU
		{5FA9E7D3-FB4D-44CA-AA24-34F7FDA26A29}.AppStore|iPhone.ActiveCfg = Release|Any CPU
		{5FA9E7D3-FB4D-44CA-AA24-34F7FDA26A29}.AppStore|iPhone.Build.0 = Release|Any CPU
		{5FA9E7D3-FB4D-44CA-AA24-34F7FDA26A29}.AppStore|iPhoneSimulator.ActiveCfg = Release|Any CPU
		{5FA9E7D3-FB4D-44CA-AA24-34F7FDA26A29}.AppStore|iPhoneSimulator.Build.0 = Release|Any CPU
		{5FA9E7D3-FB4D-44CA-AA24-34F7FDA26A29}.AppStore|x64.ActiveCfg = Release|Any CPU
		{5FA9E7D3-FB4D-44CA-AA24-34F7FDA26A29}.AppStore|x64.Build.0 = Release|Any CPU
		{5FA9E7D3-FB4D-44CA-AA24-34F7FDA26A29}.AppStore|x86.ActiveCfg = Release|Any CPU
		{5FA9E7D3-FB4D-44CA-AA24-34F7FDA26A29}.AppStore|x86.Build.0 = Release|Any CPU
		{5FA9E7D3-FB4D-44CA-AA24-34F7FDA26A29}.Debug|Any CPU.ActiveCfg = Debug|Any CPU
		{5FA9E7D3-FB4D-44CA-AA24-34F7FDA26A29}.Debug|Any CPU.Build.0 = Debug|Any CPU
		{5FA9E7D3-FB4D-44CA-AA24-34F7FDA26A29}.Debug|ARM.ActiveCfg = Debug|Any CPU
		{5FA9E7D3-FB4D-44CA-AA24-34F7FDA26A29}.Debug|ARM.Build.0 = Debug|Any CPU
		{5FA9E7D3-FB4D-44CA-AA24-34F7FDA26A29}.Debug|iPhone.ActiveCfg = Debug|Any CPU
		{5FA9E7D3-FB4D-44CA-AA24-34F7FDA26A29}.Debug|iPhone.Build.0 = Debug|Any CPU
		{5FA9E7D3-FB4D-44CA-AA24-34F7FDA26A29}.Debug|iPhoneSimulator.ActiveCfg = Debug|Any CPU
		{5FA9E7D3-FB4D-44CA-AA24-34F7FDA26A29}.Debug|iPhoneSimulator.Build.0 = Debug|Any CPU
		{5FA9E7D3-FB4D-44CA-AA24-34F7FDA26A29}.Debug|x64.ActiveCfg = Debug|Any CPU
		{5FA9E7D3-FB4D-44CA-AA24-34F7FDA26A29}.Debug|x64.Build.0 = Debug|Any CPU
		{5FA9E7D3-FB4D-44CA-AA24-34F7FDA26A29}.Debug|x86.ActiveCfg = Debug|Any CPU
		{5FA9E7D3-FB4D-44CA-AA24-34F7FDA26A29}.Debug|x86.Build.0 = Debug|Any CPU
		{5FA9E7D3-FB4D-44CA-AA24-34F7FDA26A29}.Release|Any CPU.ActiveCfg = Release|Any CPU
		{5FA9E7D3-FB4D-44CA-AA24-34F7FDA26A29}.Release|Any CPU.Build.0 = Release|Any CPU
		{5FA9E7D3-FB4D-44CA-AA24-34F7FDA26A29}.Release|ARM.ActiveCfg = Release|Any CPU
		{5FA9E7D3-FB4D-44CA-AA24-34F7FDA26A29}.Release|ARM.Build.0 = Release|Any CPU
		{5FA9E7D3-FB4D-44CA-AA24-34F7FDA26A29}.Release|iPhone.ActiveCfg = Release|Any CPU
		{5FA9E7D3-FB4D-44CA-AA24-34F7FDA26A29}.Release|iPhone.Build.0 = Release|Any CPU
		{5FA9E7D3-FB4D-44CA-AA24-34F7FDA26A29}.Release|iPhoneSimulator.ActiveCfg = Release|Any CPU
		{5FA9E7D3-FB4D-44CA-AA24-34F7FDA26A29}.Release|iPhoneSimulator.Build.0 = Release|Any CPU
		{5FA9E7D3-FB4D-44CA-AA24-34F7FDA26A29}.Release|x64.ActiveCfg = Release|Any CPU
		{5FA9E7D3-FB4D-44CA-AA24-34F7FDA26A29}.Release|x64.Build.0 = Release|Any CPU
		{5FA9E7D3-FB4D-44CA-AA24-34F7FDA26A29}.Release|x86.ActiveCfg = Release|Any CPU
		{5FA9E7D3-FB4D-44CA-AA24-34F7FDA26A29}.Release|x86.Build.0 = Release|Any CPU
		{4B109456-80DE-46E6-B464-697DC6ABE8CF}.Ad-Hoc|Any CPU.ActiveCfg = Release|Any CPU
		{4B109456-80DE-46E6-B464-697DC6ABE8CF}.Ad-Hoc|Any CPU.Build.0 = Release|Any CPU
		{4B109456-80DE-46E6-B464-697DC6ABE8CF}.Ad-Hoc|ARM.ActiveCfg = Release|Any CPU
		{4B109456-80DE-46E6-B464-697DC6ABE8CF}.Ad-Hoc|ARM.Build.0 = Release|Any CPU
		{4B109456-80DE-46E6-B464-697DC6ABE8CF}.Ad-Hoc|iPhone.ActiveCfg = Release|Any CPU
		{4B109456-80DE-46E6-B464-697DC6ABE8CF}.Ad-Hoc|iPhone.Build.0 = Release|Any CPU
		{4B109456-80DE-46E6-B464-697DC6ABE8CF}.Ad-Hoc|iPhoneSimulator.ActiveCfg = Release|Any CPU
		{4B109456-80DE-46E6-B464-697DC6ABE8CF}.Ad-Hoc|iPhoneSimulator.Build.0 = Release|Any CPU
		{4B109456-80DE-46E6-B464-697DC6ABE8CF}.Ad-Hoc|x64.ActiveCfg = Release|Any CPU
		{4B109456-80DE-46E6-B464-697DC6ABE8CF}.Ad-Hoc|x64.Build.0 = Release|Any CPU
		{4B109456-80DE-46E6-B464-697DC6ABE8CF}.Ad-Hoc|x86.ActiveCfg = Release|Any CPU
		{4B109456-80DE-46E6-B464-697DC6ABE8CF}.Ad-Hoc|x86.Build.0 = Release|Any CPU
		{4B109456-80DE-46E6-B464-697DC6ABE8CF}.AppStore|Any CPU.ActiveCfg = Release|Any CPU
		{4B109456-80DE-46E6-B464-697DC6ABE8CF}.AppStore|Any CPU.Build.0 = Release|Any CPU
		{4B109456-80DE-46E6-B464-697DC6ABE8CF}.AppStore|ARM.ActiveCfg = Release|Any CPU
		{4B109456-80DE-46E6-B464-697DC6ABE8CF}.AppStore|ARM.Build.0 = Release|Any CPU
		{4B109456-80DE-46E6-B464-697DC6ABE8CF}.AppStore|iPhone.ActiveCfg = Release|Any CPU
		{4B109456-80DE-46E6-B464-697DC6ABE8CF}.AppStore|iPhone.Build.0 = Release|Any CPU
		{4B109456-80DE-46E6-B464-697DC6ABE8CF}.AppStore|iPhoneSimulator.ActiveCfg = Release|Any CPU
		{4B109456-80DE-46E6-B464-697DC6ABE8CF}.AppStore|iPhoneSimulator.Build.0 = Release|Any CPU
		{4B109456-80DE-46E6-B464-697DC6ABE8CF}.AppStore|x64.ActiveCfg = Release|Any CPU
		{4B109456-80DE-46E6-B464-697DC6ABE8CF}.AppStore|x64.Build.0 = Release|Any CPU
		{4B109456-80DE-46E6-B464-697DC6ABE8CF}.AppStore|x86.ActiveCfg = Release|Any CPU
		{4B109456-80DE-46E6-B464-697DC6ABE8CF}.AppStore|x86.Build.0 = Release|Any CPU
		{4B109456-80DE-46E6-B464-697DC6ABE8CF}.Debug|Any CPU.ActiveCfg = Debug|Any CPU
		{4B109456-80DE-46E6-B464-697DC6ABE8CF}.Debug|Any CPU.Build.0 = Debug|Any CPU
		{4B109456-80DE-46E6-B464-697DC6ABE8CF}.Debug|ARM.ActiveCfg = Debug|Any CPU
		{4B109456-80DE-46E6-B464-697DC6ABE8CF}.Debug|ARM.Build.0 = Debug|Any CPU
		{4B109456-80DE-46E6-B464-697DC6ABE8CF}.Debug|iPhone.ActiveCfg = Debug|Any CPU
		{4B109456-80DE-46E6-B464-697DC6ABE8CF}.Debug|iPhone.Build.0 = Debug|Any CPU
		{4B109456-80DE-46E6-B464-697DC6ABE8CF}.Debug|iPhoneSimulator.ActiveCfg = Debug|Any CPU
		{4B109456-80DE-46E6-B464-697DC6ABE8CF}.Debug|iPhoneSimulator.Build.0 = Debug|Any CPU
		{4B109456-80DE-46E6-B464-697DC6ABE8CF}.Debug|x64.ActiveCfg = Debug|Any CPU
		{4B109456-80DE-46E6-B464-697DC6ABE8CF}.Debug|x64.Build.0 = Debug|Any CPU
		{4B109456-80DE-46E6-B464-697DC6ABE8CF}.Debug|x86.ActiveCfg = Debug|Any CPU
		{4B109456-80DE-46E6-B464-697DC6ABE8CF}.Debug|x86.Build.0 = Debug|Any CPU
		{4B109456-80DE-46E6-B464-697DC6ABE8CF}.Release|Any CPU.ActiveCfg = Release|Any CPU
		{4B109456-80DE-46E6-B464-697DC6ABE8CF}.Release|Any CPU.Build.0 = Release|Any CPU
		{4B109456-80DE-46E6-B464-697DC6ABE8CF}.Release|ARM.ActiveCfg = Release|Any CPU
		{4B109456-80DE-46E6-B464-697DC6ABE8CF}.Release|ARM.Build.0 = Release|Any CPU
		{4B109456-80DE-46E6-B464-697DC6ABE8CF}.Release|iPhone.ActiveCfg = Release|Any CPU
		{4B109456-80DE-46E6-B464-697DC6ABE8CF}.Release|iPhone.Build.0 = Release|Any CPU
		{4B109456-80DE-46E6-B464-697DC6ABE8CF}.Release|iPhoneSimulator.ActiveCfg = Release|Any CPU
		{4B109456-80DE-46E6-B464-697DC6ABE8CF}.Release|iPhoneSimulator.Build.0 = Release|Any CPU
		{4B109456-80DE-46E6-B464-697DC6ABE8CF}.Release|x64.ActiveCfg = Release|Any CPU
		{4B109456-80DE-46E6-B464-697DC6ABE8CF}.Release|x64.Build.0 = Release|Any CPU
		{4B109456-80DE-46E6-B464-697DC6ABE8CF}.Release|x86.ActiveCfg = Release|Any CPU
		{4B109456-80DE-46E6-B464-697DC6ABE8CF}.Release|x86.Build.0 = Release|Any CPU
		{6F201F1F-1334-4484-A962-376E07863331}.Ad-Hoc|Any CPU.ActiveCfg = Release|Any CPU
		{6F201F1F-1334-4484-A962-376E07863331}.Ad-Hoc|Any CPU.Build.0 = Release|Any CPU
		{6F201F1F-1334-4484-A962-376E07863331}.Ad-Hoc|ARM.ActiveCfg = Release|Any CPU
		{6F201F1F-1334-4484-A962-376E07863331}.Ad-Hoc|ARM.Build.0 = Release|Any CPU
		{6F201F1F-1334-4484-A962-376E07863331}.Ad-Hoc|iPhone.ActiveCfg = Release|Any CPU
		{6F201F1F-1334-4484-A962-376E07863331}.Ad-Hoc|iPhone.Build.0 = Release|Any CPU
		{6F201F1F-1334-4484-A962-376E07863331}.Ad-Hoc|iPhoneSimulator.ActiveCfg = Release|Any CPU
		{6F201F1F-1334-4484-A962-376E07863331}.Ad-Hoc|iPhoneSimulator.Build.0 = Release|Any CPU
		{6F201F1F-1334-4484-A962-376E07863331}.Ad-Hoc|x64.ActiveCfg = Release|Any CPU
		{6F201F1F-1334-4484-A962-376E07863331}.Ad-Hoc|x64.Build.0 = Release|Any CPU
		{6F201F1F-1334-4484-A962-376E07863331}.Ad-Hoc|x86.ActiveCfg = Release|Any CPU
		{6F201F1F-1334-4484-A962-376E07863331}.Ad-Hoc|x86.Build.0 = Release|Any CPU
		{6F201F1F-1334-4484-A962-376E07863331}.AppStore|Any CPU.ActiveCfg = Release|Any CPU
		{6F201F1F-1334-4484-A962-376E07863331}.AppStore|Any CPU.Build.0 = Release|Any CPU
		{6F201F1F-1334-4484-A962-376E07863331}.AppStore|ARM.ActiveCfg = Release|Any CPU
		{6F201F1F-1334-4484-A962-376E07863331}.AppStore|ARM.Build.0 = Release|Any CPU
		{6F201F1F-1334-4484-A962-376E07863331}.AppStore|iPhone.ActiveCfg = Release|Any CPU
		{6F201F1F-1334-4484-A962-376E07863331}.AppStore|iPhone.Build.0 = Release|Any CPU
		{6F201F1F-1334-4484-A962-376E07863331}.AppStore|iPhoneSimulator.ActiveCfg = Release|Any CPU
		{6F201F1F-1334-4484-A962-376E07863331}.AppStore|iPhoneSimulator.Build.0 = Release|Any CPU
		{6F201F1F-1334-4484-A962-376E07863331}.AppStore|x64.ActiveCfg = Release|Any CPU
		{6F201F1F-1334-4484-A962-376E07863331}.AppStore|x64.Build.0 = Release|Any CPU
		{6F201F1F-1334-4484-A962-376E07863331}.AppStore|x86.ActiveCfg = Release|Any CPU
		{6F201F1F-1334-4484-A962-376E07863331}.AppStore|x86.Build.0 = Release|Any CPU
		{6F201F1F-1334-4484-A962-376E07863331}.Debug|Any CPU.ActiveCfg = Debug|Any CPU
		{6F201F1F-1334-4484-A962-376E07863331}.Debug|Any CPU.Build.0 = Debug|Any CPU
		{6F201F1F-1334-4484-A962-376E07863331}.Debug|ARM.ActiveCfg = Debug|Any CPU
		{6F201F1F-1334-4484-A962-376E07863331}.Debug|ARM.Build.0 = Debug|Any CPU
		{6F201F1F-1334-4484-A962-376E07863331}.Debug|iPhone.ActiveCfg = Debug|Any CPU
		{6F201F1F-1334-4484-A962-376E07863331}.Debug|iPhone.Build.0 = Debug|Any CPU
		{6F201F1F-1334-4484-A962-376E07863331}.Debug|iPhoneSimulator.ActiveCfg = Debug|Any CPU
		{6F201F1F-1334-4484-A962-376E07863331}.Debug|iPhoneSimulator.Build.0 = Debug|Any CPU
		{6F201F1F-1334-4484-A962-376E07863331}.Debug|x64.ActiveCfg = Debug|Any CPU
		{6F201F1F-1334-4484-A962-376E07863331}.Debug|x64.Build.0 = Debug|Any CPU
		{6F201F1F-1334-4484-A962-376E07863331}.Debug|x86.ActiveCfg = Debug|Any CPU
		{6F201F1F-1334-4484-A962-376E07863331}.Debug|x86.Build.0 = Debug|Any CPU
		{6F201F1F-1334-4484-A962-376E07863331}.Release|Any CPU.ActiveCfg = Release|Any CPU
		{6F201F1F-1334-4484-A962-376E07863331}.Release|Any CPU.Build.0 = Release|Any CPU
		{6F201F1F-1334-4484-A962-376E07863331}.Release|ARM.ActiveCfg = Release|Any CPU
		{6F201F1F-1334-4484-A962-376E07863331}.Release|ARM.Build.0 = Release|Any CPU
		{6F201F1F-1334-4484-A962-376E07863331}.Release|iPhone.ActiveCfg = Release|Any CPU
		{6F201F1F-1334-4484-A962-376E07863331}.Release|iPhone.Build.0 = Release|Any CPU
		{6F201F1F-1334-4484-A962-376E07863331}.Release|iPhoneSimulator.ActiveCfg = Release|Any CPU
		{6F201F1F-1334-4484-A962-376E07863331}.Release|iPhoneSimulator.Build.0 = Release|Any CPU
		{6F201F1F-1334-4484-A962-376E07863331}.Release|x64.ActiveCfg = Release|Any CPU
		{6F201F1F-1334-4484-A962-376E07863331}.Release|x64.Build.0 = Release|Any CPU
		{6F201F1F-1334-4484-A962-376E07863331}.Release|x86.ActiveCfg = Release|Any CPU
		{6F201F1F-1334-4484-A962-376E07863331}.Release|x86.Build.0 = Release|Any CPU
	EndGlobalSection
	GlobalSection(SolutionProperties) = preSolution
		HideSolutionNode = FALSE
	EndGlobalSection
	GlobalSection(NestedProjects) = preSolution
		{DB4BA730-CF68-4DA2-BED7-930220CA7139} = {EE15203B-43B0-4B94-91BF-37DE2A48EC5E}
		{5A44CE35-024F-4E51-AED8-068F2C38BA86} = {4D9864F6-7317-419F-B326-1B9626AD23EF}
		{B592D3A0-362E-4FC4-A7EA-9A219DF1871B} = {4F1DC286-7FB8-4508-B129-5E57BD5C7C56}
		{2068BBA6-03C7-48D1-8EF9-F9A5CDACEB2E} = {C3748D87-2ACA-4E0C-BFB3-9A3749A008A5}
		{E3EE89DD-ACAE-4EF5-AB76-E2E59B7A6CB5} = {4D9864F6-7317-419F-B326-1B9626AD23EF}
		{732DD618-9E6D-459A-A82F-BEB9E0E86652} = {5D235F4D-05EC-4AB9-8D84-986A54AC1D17}
		{0F078626-28B8-4562-9120-42286A0C24B0} = {EE15203B-43B0-4B94-91BF-37DE2A48EC5E}
		{499F37D1-8D3B-4C1A-9641-E8131B8327EF} = {EE15203B-43B0-4B94-91BF-37DE2A48EC5E}
		{39EDFFD6-C58E-4DEF-8F5B-59EADECB13AF} = {4F1DC286-7FB8-4508-B129-5E57BD5C7C56}
		{DCB259FD-6F64-441A-AE1C-31FA1EF7FFE7} = {EE15203B-43B0-4B94-91BF-37DE2A48EC5E}
		{FE540F67-F0D2-49AC-9411-2E6585BD8B8C} = {5D235F4D-05EC-4AB9-8D84-986A54AC1D17}
		{5FA9E7D3-FB4D-44CA-AA24-34F7FDA26A29} = {4F1DC286-7FB8-4508-B129-5E57BD5C7C56}
		{4B109456-80DE-46E6-B464-697DC6ABE8CF} = {EE15203B-43B0-4B94-91BF-37DE2A48EC5E}
		{6F201F1F-1334-4484-A962-376E07863331} = {5D235F4D-05EC-4AB9-8D84-986A54AC1D17}
	EndGlobalSection
EndGlobal
